// !$*UTF8*$!
{
	archiveVersion = 1;
	classes = {
	};
	objectVersion = 63;
	objects = {

/* Begin PBXBuildFile section */
		4A511EFA33FFC9C2B9B129E8 /* Pods_Vistalio.framework in Frameworks */ = {isa = PBXBuildFile; fileRef = 3F9044A2C1A96AD9B2258C85 /* Pods_Vistalio.framework */; };
		C332CFCB2F8FB4A6002ABF15 /* MyMissionsViewController.swift in Sources */ = {isa = PBXBuildFile; fileRef = C332CFCA2F8FB4A0002ABF15 /* MyMissionsViewController.swift */; };
		C33F22942F80104100EF2A81 /* Vistalio.xcdatamodeld in Sources */ = {isa = PBXBuildFile; fileRef = C33F22922F80104100EF2A81 /* Vistalio.xcdatamodeld */; };
		C33F22962F8011F000EF2A81 /* CoreDataStack.swift in Sources */ = {isa = PBXBuildFile; fileRef = C33F22952F8011EC00EF2A81 /* CoreDataStack.swift */; };
		C33F229E2F80134A00EF2A81 /* Mission.swift in Sources */ = {isa = PBXBuildFile; fileRef = C33F229C2F80134A00EF2A81 /* Mission.swift */; };
		C33F22A12F80145B00EF2A81 /* FilesHelper.swift in Sources */ = {isa = PBXBuildFile; fileRef = C33F22A02F80145A00EF2A81 /* FilesHelper.swift */; };
		C33F22A32F80147300EF2A81 /* String+Utils.swift in Sources */ = {isa = PBXBuildFile; fileRef = C33F22A22F80147000EF2A81 /* String+Utils.swift */; };
		C33F22A62F80251F00EF2A81 /* SelectActionViewController.swift in Sources */ = {isa = PBXBuildFile; fileRef = C33F22A52F80251300EF2A81 /* SelectActionViewController.swift */; };
		C33F22A82F82376B00EF2A81 /* UIImage+Utils.swift in Sources */ = {isa = PBXBuildFile; fileRef = C33F22A72F82376800EF2A81 /* UIImage+Utils.swift */; };
		C33F22AA2F8238C600EF2A81 /* MissionsHolder.swift in Sources */ = {isa = PBXBuildFile; fileRef = C33F22A92F8238C100EF2A81 /* MissionsHolder.swift */; };
		C33F22AC2F8299DB00EF2A81 /* MyMissionCell.swift in Sources */ = {isa = PBXBuildFile; fileRef = C33F22AB2F8299D800EF2A81 /* MyMissionCell.swift */; };
		C33F22AE2F82A43E00EF2A81 /* UIImageView+Utils.swift in Sources */ = {isa = PBXBuildFile; fileRef = C33F22AD2F82A43A00EF2A81 /* UIImageView+Utils.swift */; };
		C33F22B02F82CA7E00EF2A81 /* SegmentedControl.xib in Resources */ = {isa = PBXBuildFile; fileRef = C33F22AF2F82CA7E00EF2A81 /* SegmentedControl.xib */; };
		C33F22B22F82CE7F00EF2A81 /* SegmentedControlTab.xib in Resources */ = {isa = PBXBuildFile; fileRef = C33F22B12F82CE7F00EF2A81 /* SegmentedControlTab.xib */; };
		C33F22B52F83872100EF2A81 /* SegmentedControlTab.swift in Sources */ = {isa = PBXBuildFile; fileRef = C33F22B42F83871B00EF2A81 /* SegmentedControlTab.swift */; };
		C33F22B72F83893E00EF2A81 /* UIColor+Utils.swift in Sources */ = {isa = PBXBuildFile; fileRef = C33F22B62F83893B00EF2A81 /* UIColor+Utils.swift */; };
		C33F22B92F838A1200EF2A81 /* SegmentedControl.swift in Sources */ = {isa = PBXBuildFile; fileRef = C33F22B82F838A0D00EF2A81 /* SegmentedControl.swift */; };
		C33F22BB2F838D5800EF2A81 /* MissionViewController.swift in Sources */ = {isa = PBXBuildFile; fileRef = C33F22BA2F838D5300EF2A81 /* MissionViewController.swift */; };
		C33F22BD2F83F48C00EF2A81 /* UILabel+Utils.swift in Sources */ = {isa = PBXBuildFile; fileRef = C33F22BC2F83F48800EF2A81 /* UILabel+Utils.swift */; };
		C33F22BF2F84C37B00EF2A81 /* UIApplication+Utils.swift in Sources */ = {isa = PBXBuildFile; fileRef = C33F22BE2F84C37600EF2A81 /* UIApplication+Utils.swift */; };
		C33F22C22F84C6D700EF2A81 /* MenuItemView.xib in Resources */ = {isa = PBXBuildFile; fileRef = C33F22C12F84C6D700EF2A81 /* MenuItemView.xib */; };
		C33F22C42F84C75300EF2A81 /* MenuItemView.swift in Sources */ = {isa = PBXBuildFile; fileRef = C33F22C32F84C74F00EF2A81 /* MenuItemView.swift */; };
		C33F22C82F84C86500EF2A81 /* MenuView.xib in Resources */ = {isa = PBXBuildFile; fileRef = C33F22C72F84C86500EF2A81 /* MenuView.xib */; };
		C33F22CA2F84C8B400EF2A81 /* MenuView.swift in Sources */ = {isa = PBXBuildFile; fileRef = C33F22C92F84C8B000EF2A81 /* MenuView.swift */; };
		C34665B72F783741008648C8 /* LaunchScreen.storyboard in Resources */ = {isa = PBXBuildFile; fileRef = C34665AA2F783741008648C8 /* LaunchScreen.storyboard */; };
		C34665B82F783741008648C8 /* Main.storyboard in Resources */ = {isa = PBXBuildFile; fileRef = C34665AC2F783741008648C8 /* Main.storyboard */; };
		C34665B92F783741008648C8 /* Map.storyboard in Resources */ = {isa = PBXBuildFile; fileRef = C34665AD2F783741008648C8 /* Map.storyboard */; };
		C34665BA2F783741008648C8 /* Me.storyboard in Resources */ = {isa = PBXBuildFile; fileRef = C34665AE2F783741008648C8 /* Me.storyboard */; };
		C34665BB2F783741008648C8 /* Missions.storyboard in Resources */ = {isa = PBXBuildFile; fileRef = C34665AF2F783741008648C8 /* Missions.storyboard */; };
		C34665BC2F783741008648C8 /* MyDay.storyboard in Resources */ = {isa = PBXBuildFile; fileRef = C34665B02F783741008648C8 /* MyDay.storyboard */; };
		C34665BD2F783741008648C8 /* Assets.xcassets in Resources */ = {isa = PBXBuildFile; fileRef = C34665B32F783741008648C8 /* Assets.xcassets */; };
		C34665BF2F783741008648C8 /* CustomTabItem.swift in Sources */ = {isa = PBXBuildFile; fileRef = C346659A2F783741008648C8 /* CustomTabItem.swift */; };
		C34665C02F783741008648C8 /* GrowingTextView.swift in Sources */ = {isa = PBXBuildFile; fileRef = C346659B2F783741008648C8 /* GrowingTextView.swift */; };
		C34665C12F783741008648C8 /* RoundedControls.swift in Sources */ = {isa = PBXBuildFile; fileRef = C346659C2F783741008648C8 /* RoundedControls.swift */; };
		C34665C22F783741008648C8 /* StyledControls.swift in Sources */ = {isa = PBXBuildFile; fileRef = C346659D2F783741008648C8 /* StyledControls.swift */; };
		C34665C32F783741008648C8 /* UITableView+Utils.swift in Sources */ = {isa = PBXBuildFile; fileRef = C346659F2F783741008648C8 /* UITableView+Utils.swift */; };
		C34665C42F783741008648C8 /* UITextField+Utils.swift in Sources */ = {isa = PBXBuildFile; fileRef = C34665A02F783741008648C8 /* UITextField+Utils.swift */; };
		C34665C52F783741008648C8 /* UIView+Utils.swift in Sources */ = {isa = PBXBuildFile; fileRef = C34665A12F783741008648C8 /* UIView+Utils.swift */; };
		C34665C62F783741008648C8 /* CreateMissionViewController.swift in Sources */ = {isa = PBXBuildFile; fileRef = C34665A32F783741008648C8 /* CreateMissionViewController.swift */; };
		C34665C72F783741008648C8 /* MissionsViewController.swift in Sources */ = {isa = PBXBuildFile; fileRef = C34665A42F783741008648C8 /* MissionsViewController.swift */; };
		C34665C82F783741008648C8 /* MainViewController.swift in Sources */ = {isa = PBXBuildFile; fileRef = C34665A62F783741008648C8 /* MainViewController.swift */; };
		C34665C92F783741008648C8 /* StyledNavigationController.swift in Sources */ = {isa = PBXBuildFile; fileRef = C34665A72F783741008648C8 /* StyledNavigationController.swift */; };
		C34665CA2F783741008648C8 /* AppDelegate.swift in Sources */ = {isa = PBXBuildFile; fileRef = C34665B22F783741008648C8 /* AppDelegate.swift */; };
		C34665CB2F783741008648C8 /* SceneDelegate.swift in Sources */ = {isa = PBXBuildFile; fileRef = C34665B52F783741008648C8 /* SceneDelegate.swift */; };
		C347A5842F98F4320068D5B3 /* HiddenMissionTemplate.swift in Sources */ = {isa = PBXBuildFile; fileRef = C347A5832F98F42E0068D5B3 /* HiddenMissionTemplate.swift */; };
		C35911D52F9F6C780015FDE6 /* UIStackView+Utils.swift in Sources */ = {isa = PBXBuildFile; fileRef = C35911D42F9F6C740015FDE6 /* UIStackView+Utils.swift */; };
		C35911D72F9F81750015FDE6 /* zombi_audio.ogg in Resources */ = {isa = PBXBuildFile; fileRef = C35911D62F9F81750015FDE6 /* zombi_audio.ogg */; };
		C36B3D022F9692EA00976790 /* missions_list.json in Sources */ = {isa = PBXBuildFile; fileRef = C36B3D012F9692E400976790 /* missions_list.json */; };
		C36B3D042F97A85100976790 /* MissionTemplate.swift in Sources */ = {isa = PBXBuildFile; fileRef = C36B3D032F97A84D00976790 /* MissionTemplate.swift */; };
		C36B3D062F97D71D00976790 /* TemplateCell.swift in Sources */ = {isa = PBXBuildFile; fileRef = C36B3D052F97D71900976790 /* TemplateCell.swift */; };
		C36B3D072F97DC9100976790 /* missions_list.json in Resources */ = {isa = PBXBuildFile; fileRef = C36B3D012F9692E400976790 /* missions_list.json */; };
		C36B3D092F9884F100976790 /* EmotionCell.swift in Sources */ = {isa = PBXBuildFile; fileRef = C36B3D082F9884EE00976790 /* EmotionCell.swift */; };
		C37309D12FAE04A7004F7ED8 /* RecommendedStepCell.swift in Sources */ = {isa = PBXBuildFile; fileRef = C37309D02FAE04A3004F7ED8 /* RecommendedStepCell.swift */; };
		C37309D32FAF7B7E004F7ED8 /* HiddenStepsViewController.swift in Sources */ = {isa = PBXBuildFile; fileRef = C37309D22FAF7B78004F7ED8 /* HiddenStepsViewController.swift */; };
		C37309D52FB0D2DA004F7ED8 /* AddedStepCell.swift in Sources */ = {isa = PBXBuildFile; fileRef = C37309D42FB0D2D6004F7ED8 /* AddedStepCell.swift */; };
		C37BB734300157C7006BE7EA /* EmotionCircleView.xib in Resources */ = {isa = PBXBuildFile; fileRef = C37BB733300157C7006BE7EA /* EmotionCircleView.xib */; };
		C37BB73630015C1E006BE7EA /* EmotionCircleView.swift in Sources */ = {isa = PBXBuildFile; fileRef = C37BB73530015C18006BE7EA /* EmotionCircleView.swift */; };
		C37BB73830035EB1006BE7EA /* EmotionSettingsViewController.swift in Sources */ = {isa = PBXBuildFile; fileRef = C37BB73730035EA9006BE7EA /* EmotionSettingsViewController.swift */; };
		C37BB73D3003F47A006BE7EA /* EmotionsPanelViewController.swift in Sources */ = {isa = PBXBuildFile; fileRef = C37BB73C3003F45B006BE7EA /* EmotionsPanelViewController.swift */; };
		C37BB73F30050458006BE7EA /* NoteBigPhotoCell.xib in Resources */ = {isa = PBXBuildFile; fileRef = C37BB73E30050458006BE7EA /* NoteBigPhotoCell.xib */; };
		C37BB7413005227F006BE7EA /* NoteBigPhotoCell.swift in Sources */ = {isa = PBXBuildFile; fileRef = C37BB7403005227C006BE7EA /* NoteBigPhotoCell.swift */; };
		C37BB744300559E1006BE7EA /* VideoHelper.swift in Sources */ = {isa = PBXBuildFile; fileRef = C37BB743300559DE006BE7EA /* VideoHelper.swift */; };
		C37BB7463005612F006BE7EA /* Helpers.swift in Sources */ = {isa = PBXBuildFile; fileRef = C37BB74530056123006BE7EA /* Helpers.swift */; };
		C37BB7483006A4EF006BE7EA /* NoteView.xib in Resources */ = {isa = PBXBuildFile; fileRef = C37BB7473006A4EF006BE7EA /* NoteView.xib */; };
		C37BB74A3006B854006BE7EA /* NoteView.swift in Sources */ = {isa = PBXBuildFile; fileRef = C37BB7493006B851006BE7EA /* NoteView.swift */; };
		C37BB74C300777A8006BE7EA /* NoteSmallPhotoCell.swift in Sources */ = {isa = PBXBuildFile; fileRef = C37BB74B300777A1006BE7EA /* NoteSmallPhotoCell.swift */; };
		C37BB74E30077821006BE7EA /* NoteSmallPhotoCell.xib in Resources */ = {isa = PBXBuildFile; fileRef = C37BB74D30077821006BE7EA /* NoteSmallPhotoCell.xib */; };
		C37BB750300778D0006BE7EA /* NotePhotoCell.swift in Sources */ = {isa = PBXBuildFile; fileRef = C37BB74F300778CD006BE7EA /* NotePhotoCell.swift */; };
		C3AE55C52FD09D12007A5E41 /* CreateStepViewController.swift in Sources */ = {isa = PBXBuildFile; fileRef = C3AE55C42FD09D08007A5E41 /* CreateStepViewController.swift */; };
		C3AE55C92FD1E8BF007A5E41 /* DropDownItemView.swift in Sources */ = {isa = PBXBuildFile; fileRef = C3AE55C82FD1E8B9007A5E41 /* DropDownItemView.swift */; };
		C3AE55CB2FD1E8D3007A5E41 /* DropDownItemView.xib in Resources */ = {isa = PBXBuildFile; fileRef = C3AE55CA2FD1E8D3007A5E41 /* DropDownItemView.xib */; };
		C3AE55CD2FD1F412007A5E41 /* DropDownView.swift in Sources */ = {isa = PBXBuildFile; fileRef = C3AE55CC2FD1F40D007A5E41 /* DropDownView.swift */; };
		C3AE55CF2FD1F42F007A5E41 /* DropDownView.xib in Resources */ = {isa = PBXBuildFile; fileRef = C3AE55CE2FD1F42F007A5E41 /* DropDownView.xib */; };
		C3AE55D12FD2BA30007A5E41 /* DropDownControl.xib in Resources */ = {isa = PBXBuildFile; fileRef = C3AE55D02FD2BA30007A5E41 /* DropDownControl.xib */; };
		C3AE55D32FD2BA62007A5E41 /* DropDownControl.swift in Sources */ = {isa = PBXBuildFile; fileRef = C3AE55D22FD2BA5E007A5E41 /* DropDownControl.swift */; };
		C3AE55D62FD490D0007A5E41 /* CalendarView.swift in Sources */ = {isa = PBXBuildFile; fileRef = C3AE55D52FD490CD007A5E41 /* CalendarView.swift */; };
		C3AE55D82FD490DD007A5E41 /* CalendarView.xib in Resources */ = {isa = PBXBuildFile; fileRef = C3AE55D72FD490DD007A5E41 /* CalendarView.xib */; };
		C3AE55DA2FD495A9007A5E41 /* CalendarViewCell.xib in Resources */ = {isa = PBXBuildFile; fileRef = C3AE55D92FD495A9007A5E41 /* CalendarViewCell.xib */; };
		C3AE55DC2FD49664007A5E41 /* CalendarViewCell.swift in Sources */ = {isa = PBXBuildFile; fileRef = C3AE55DB2FD49660007A5E41 /* CalendarViewCell.swift */; };
		C3AE55DE2FD49BB4007A5E41 /* DayView.xib in Resources */ = {isa = PBXBuildFile; fileRef = C3AE55DD2FD49BB4007A5E41 /* DayView.xib */; };
		C3AE55E02FD49BDE007A5E41 /* DayView.swift in Sources */ = {isa = PBXBuildFile; fileRef = C3AE55DF2FD49BDC007A5E41 /* DayView.swift */; };
		C3AE55E22FD5E43F007A5E41 /* Date+Utils.swift in Sources */ = {isa = PBXBuildFile; fileRef = C3AE55E12FD5E43C007A5E41 /* Date+Utils.swift */; };
		C3AE55E42FD81441007A5E41 /* StepViewController.swift in Sources */ = {isa = PBXBuildFile; fileRef = C3AE55E32FD8143C007A5E41 /* StepViewController.swift */; };
		C3AE55E62FD879A5007A5E41 /* UIScrollView+Utils.swift in Sources */ = {isa = PBXBuildFile; fileRef = C3AE55E52FD879A1007A5E41 /* UIScrollView+Utils.swift */; };
		C3B7D71A2F94A55400562DC2 /* CropImageViewController.swift in Sources */ = {isa = PBXBuildFile; fileRef = C3B7D7192F94A54E00562DC2 /* CropImageViewController.swift */; };
		C3B7D71C2F95390200562DC2 /* Cover.swift in Sources */ = {isa = PBXBuildFile; fileRef = C3B7D71B2F9538FF00562DC2 /* Cover.swift */; };
		C3BEABB02F9A38ED00359CB6 /* TemplateHeaderCell.swift in Sources */ = {isa = PBXBuildFile; fileRef = C3BEABAF2F9A38E900359CB6 /* TemplateHeaderCell.swift */; };
		C3BEABB22F9A39C300359CB6 /* TemplateViewController.swift in Sources */ = {isa = PBXBuildFile; fileRef = C3BEABB12F9A39BF00359CB6 /* TemplateViewController.swift */; };
		C3BEABB42F9BAFDD00359CB6 /* mission_1.json in Resources */ = {isa = PBXBuildFile; fileRef = C3BEABB32F9BAFD600359CB6 /* mission_1.json */; };
		C3BEABB62F9BB00A00359CB6 /* mission_2.json in Resources */ = {isa = PBXBuildFile; fileRef = C3BEABB52F9BB00500359CB6 /* mission_2.json */; };
		C3BEABB82F9BB03500359CB6 /* mission_3.json in Resources */ = {isa = PBXBuildFile; fileRef = C3BEABB72F9BB02F00359CB6 /* mission_3.json */; };
		C3BEABBA2F9BB05700359CB6 /* mission_4.json in Resources */ = {isa = PBXBuildFile; fileRef = C3BEABB92F9BB05200359CB6 /* mission_4.json */; };
		C3BEABBC2F9BB07400359CB6 /* mission_5.json in Resources */ = {isa = PBXBuildFile; fileRef = C3BEABBB2F9BB06F00359CB6 /* mission_5.json */; };
		C3BEABBE2F9BB0A600359CB6 /* mission_6.json in Resources */ = {isa = PBXBuildFile; fileRef = C3BEABBD2F9BB0A000359CB6 /* mission_6.json */; };
		C3BEABC02F9BB0C300359CB6 /* mission_7.json in Resources */ = {isa = PBXBuildFile; fileRef = C3BEABBF2F9BB0BE00359CB6 /* mission_7.json */; };
		C3BEABC22F9BB0DC00359CB6 /* mission_8.json in Resources */ = {isa = PBXBuildFile; fileRef = C3BEABC12F9BB0D600359CB6 /* mission_8.json */; };
		C3BEABC42F9BB0F200359CB6 /* mission_9.json in Sources */ = {isa = PBXBuildFile; fileRef = C3BEABC32F9BB0EF00359CB6 /* mission_9.json */; };
		C3BEABC62F9BB10600359CB6 /* mission_10.json in Sources */ = {isa = PBXBuildFile; fileRef = C3BEABC52F9BB10300359CB6 /* mission_10.json */; };
		C3BEABC82F9BB12700359CB6 /* mission_11.json in Resources */ = {isa = PBXBuildFile; fileRef = C3BEABC72F9BB11F00359CB6 /* mission_11.json */; };
		C3BEABCA2F9BB14300359CB6 /* mission_12.json in Resources */ = {isa = PBXBuildFile; fileRef = C3BEABC92F9BB13D00359CB6 /* mission_12.json */; };
		C3BEABCC2F9BB15A00359CB6 /* mission_13.json in Resources */ = {isa = PBXBuildFile; fileRef = C3BEABCB2F9BB15500359CB6 /* mission_13.json */; };
		C3BEABCE2F9BB23800359CB6 /* mission_14.json in Sources */ = {isa = PBXBuildFile; fileRef = C3BEABCD2F9BB23500359CB6 /* mission_14.json */; };
		C3BEABD02F9BB35A00359CB6 /* mission_15.json in Resources */ = {isa = PBXBuildFile; fileRef = C3BEABCF2F9BB35400359CB6 /* mission_15.json */; };
		C3BEABD22F9BB50000359CB6 /* mission_16.json in Resources */ = {isa = PBXBuildFile; fileRef = C3BEABD12F9BB4F800359CB6 /* mission_16.json */; };
		C3BEABD42F9BB5FF00359CB6 /* mission_17.json in Resources */ = {isa = PBXBuildFile; fileRef = C3BEABD32F9BB5FA00359CB6 /* mission_17.json */; };
		C3BEABD62F9BB88B00359CB6 /* TemplateStepCell.swift in Sources */ = {isa = PBXBuildFile; fileRef = C3BEABD52F9BB88700359CB6 /* TemplateStepCell.swift */; };
		C3BEABD72F9BC01100359CB6 /* mission_9.json in Resources */ = {isa = PBXBuildFile; fileRef = C3BEABC32F9BB0EF00359CB6 /* mission_9.json */; };
		C3BEABD82F9BC01100359CB6 /* mission_10.json in Resources */ = {isa = PBXBuildFile; fileRef = C3BEABC52F9BB10300359CB6 /* mission_10.json */; };
		C3BEABD92F9BC01100359CB6 /* mission_14.json in Resources */ = {isa = PBXBuildFile; fileRef = C3BEABCD2F9BB23500359CB6 /* mission_14.json */; };
		C3BEABDD2F9E7E3800359CB6 /* TemplateNoteCell.swift in Sources */ = {isa = PBXBuildFile; fileRef = C3BEABDC2F9E7E3300359CB6 /* TemplateNoteCell.swift */; };
		C3CABD642FF28F7C0067CA73 /* MoveStepViewController.swift in Sources */ = {isa = PBXBuildFile; fileRef = C3CABD632FF28F760067CA73 /* MoveStepViewController.swift */; };
		C3CABD662FF5B0EC0067CA73 /* AddNoteView.xib in Resources */ = {isa = PBXBuildFile; fileRef = C3CABD652FF5B0EC0067CA73 /* AddNoteView.xib */; };
		C3CABD682FF5B94F0067CA73 /* AddNoteView.swift in Sources */ = {isa = PBXBuildFile; fileRef = C3CABD672FF5B94C0067CA73 /* AddNoteView.swift */; };
		C3CABD6A2FF7D8920067CA73 /* SelectDateViewController.swift in Sources */ = {isa = PBXBuildFile; fileRef = C3CABD692FF7D88C0067CA73 /* SelectDateViewController.swift */; };
		C3CABD6F2FF844430067CA73 /* SelectEmotionCell.swift in Sources */ = {isa = PBXBuildFile; fileRef = C3CABD6E2FF844400067CA73 /* SelectEmotionCell.swift */; };
		C3CABD712FF84DED0067CA73 /* SelectEmotionViewController.swift in Sources */ = {isa = PBXBuildFile; fileRef = C3CABD702FF84DE10067CA73 /* SelectEmotionViewController.swift */; };
		C3CABD732FF9708C0067CA73 /* MissionEmotion.swift in Sources */ = {isa = PBXBuildFile; fileRef = C3CABD722FF9708C0067CA73 /* MissionEmotion.swift */; };
		C3CABD752FFAE71B0067CA73 /* EmotionsModeCell.swift in Sources */ = {isa = PBXBuildFile; fileRef = C3CABD742FFAE70C0067CA73 /* EmotionsModeCell.swift */; };
		C3CF26EE2F7929120008718D /* CoverCell.swift in Sources */ = {isa = PBXBuildFile; fileRef = C3CF26ED2F79290F0008718D /* CoverCell.swift */; };
		C3CF26F02F7929C00008718D /* CoverViewController.swift in Sources */ = {isa = PBXBuildFile; fileRef = C3CF26EF2F7929B70008718D /* CoverViewController.swift */; };
		C3CF26F22F7936E20008718D /* UIViewController+Utils.swift in Sources */ = {isa = PBXBuildFile; fileRef = C3CF26F12F7936DD0008718D /* UIViewController+Utils.swift */; };
		C3D34ADE2FA0FB5F007E5CAF /* GalleryCell.swift in Sources */ = {isa = PBXBuildFile; fileRef = C3D34ADD2FA0FB5C007E5CAF /* GalleryCell.swift */; };
		C3D34AE02FA1D9F0007E5CAF /* ImageScrollView.swift in Sources */ = {isa = PBXBuildFile; fileRef = C3D34ADF2FA1D9ED007E5CAF /* ImageScrollView.swift */; };
		C3D542562F9125370093D819 /* NotificationNames.swift in Sources */ = {isa = PBXBuildFile; fileRef = C3D542552F9125330093D819 /* NotificationNames.swift */; };
		C3D542582F91F5FC0093D819 /* TooltipView.swift in Sources */ = {isa = PBXBuildFile; fileRef = C3D542572F91F5F90093D819 /* TooltipView.swift */; };
		C3D5425A2F91F61E0093D819 /* TooltipView.xib in Resources */ = {isa = PBXBuildFile; fileRef = C3D542592F91F61E0093D819 /* TooltipView.xib */; };
		C3D5425C2F928B350093D819 /* NotificationView.xib in Resources */ = {isa = PBXBuildFile; fileRef = C3D5425B2F928B350093D819 /* NotificationView.xib */; };
		C3D5425E2F928C4F0093D819 /* NotificationView.swift in Sources */ = {isa = PBXBuildFile; fileRef = C3D5425D2F928C4B0093D819 /* NotificationView.swift */; };
		C3F47EC52F9FCA1A00F17AC8 /* MissionStep.swift in Sources */ = {isa = PBXBuildFile; fileRef = C3F47EC42F9FCA1700F17AC8 /* MissionStep.swift */; };
		C3F47EC82F9FCAB300F17AC8 /* MissionNote.swift in Sources */ = {isa = PBXBuildFile; fileRef = C3F47EC72F9FCAB100F17AC8 /* MissionNote.swift */; };
		C3F47ECA2FA0BBB600F17AC8 /* AppsFlyerHelper.swift in Sources */ = {isa = PBXBuildFile; fileRef = C3F47EC92FA0BB6600F17AC8 /* AppsFlyerHelper.swift */; };
		C3F47ECC2FA0F7D400F17AC8 /* GalleryView.swift in Sources */ = {isa = PBXBuildFile; fileRef = C3F47ECB2FA0F7D100F17AC8 /* GalleryView.swift */; };
		C3F47ECE2FA0F7DF00F17AC8 /* GalleryView.xib in Resources */ = {isa = PBXBuildFile; fileRef = C3F47ECD2FA0F7DF00F17AC8 /* GalleryView.xib */; };
		C3F47ED12FA0FA8400F17AC8 /* GalleryCell.xib in Resources */ = {isa = PBXBuildFile; fileRef = C3F47ED02FA0FA8400F17AC8 /* GalleryCell.xib */; };
/* End PBXBuildFile section */

/* Begin PBXFileReference section */
		13F426B1D31B72DB7E095C10 /* Pods-Vistalio.debug.xcconfig */ = {isa = PBXFileReference; includeInIndex = 1; lastKnownFileType = text.xcconfig; name = "Pods-Vistalio.debug.xcconfig"; path = "Target Support Files/Pods-Vistalio/Pods-Vistalio.debug.xcconfig"; sourceTree = "<group>"; };
		3F9044A2C1A96AD9B2258C85 /* Pods_Vistalio.framework */ = {isa = PBXFileReference; explicitFileType = wrapper.framework; includeInIndex = 0; path = Pods_Vistalio.framework; sourceTree = BUILT_PRODUCTS_DIR; };
		4ACEA687D8838AB39DBDACD0 /* Pods-Vistalio.release.xcconfig */ = {isa = PBXFileReference; includeInIndex = 1; lastKnownFileType = text.xcconfig; name = "Pods-Vistalio.release.xcconfig"; path = "Target Support Files/Pods-Vistalio/Pods-Vistalio.release.xcconfig"; sourceTree = "<group>"; };
		C332CFCA2F8FB4A0002ABF15 /* MyMissionsViewController.swift */ = {isa = PBXFileReference; lastKnownFileType = sourcecode.swift; path = MyMissionsViewController.swift; sourceTree = "<group>"; };
		C33F22932F80104100EF2A81 /* Vistalio.xcdatamodel */ = {isa = PBXFileReference; lastKnownFileType = wrapper.xcdatamodel; path = Vistalio.xcdatamodel; sourceTree = "<group>"; };
		C33F22952F8011EC00EF2A81 /* CoreDataStack.swift */ = {isa = PBXFileReference; lastKnownFileType = sourcecode.swift; path = CoreDataStack.swift; sourceTree = "<group>"; };
		C33F229C2F80134A00EF2A81 /* Mission.swift */ = {isa = PBXFileReference; lastKnownFileType = sourcecode.swift; path = Mission.swift; sourceTree = "<group>"; };
		C33F22A02F80145A00EF2A81 /* FilesHelper.swift */ = {isa = PBXFileReference; lastKnownFileType = sourcecode.swift; path = FilesHelper.swift; sourceTree = "<group>"; };
		C33F22A22F80147000EF2A81 /* String+Utils.swift */ = {isa = PBXFileReference; lastKnownFileType = sourcecode.swift; path = "String+Utils.swift"; sourceTree = "<group>"; };
		C33F22A52F80251300EF2A81 /* SelectActionViewController.swift */ = {isa = PBXFileReference; lastKnownFileType = sourcecode.swift; path = SelectActionViewController.swift; sourceTree = "<group>"; };
		C33F22A72F82376800EF2A81 /* UIImage+Utils.swift */ = {isa = PBXFileReference; lastKnownFileType = sourcecode.swift; path = "UIImage+Utils.swift"; sourceTree = "<group>"; };
		C33F22A92F8238C100EF2A81 /* MissionsHolder.swift */ = {isa = PBXFileReference; lastKnownFileType = sourcecode.swift; path = MissionsHolder.swift; sourceTree = "<group>"; };
		C33F22AB2F8299D800EF2A81 /* MyMissionCell.swift */ = {isa = PBXFileReference; lastKnownFileType = sourcecode.swift; path = MyMissionCell.swift; sourceTree = "<group>"; };
		C33F22AD2F82A43A00EF2A81 /* UIImageView+Utils.swift */ = {isa = PBXFileReference; lastKnownFileType = sourcecode.swift; path = "UIImageView+Utils.swift"; sourceTree = "<group>"; };
		C33F22AF2F82CA7E00EF2A81 /* SegmentedControl.xib */ = {isa = PBXFileReference; lastKnownFileType = file.xib; path = SegmentedControl.xib; sourceTree = "<group>"; };
		C33F22B12F82CE7F00EF2A81 /* SegmentedControlTab.xib */ = {isa = PBXFileReference; lastKnownFileType = file.xib; path = SegmentedControlTab.xib; sourceTree = "<group>"; };
		C33F22B42F83871B00EF2A81 /* SegmentedControlTab.swift */ = {isa = PBXFileReference; lastKnownFileType = sourcecode.swift; path = SegmentedControlTab.swift; sourceTree = "<group>"; };
		C33F22B62F83893B00EF2A81 /* UIColor+Utils.swift */ = {isa = PBXFileReference; lastKnownFileType = sourcecode.swift; path = "UIColor+Utils.swift"; sourceTree = "<group>"; };
		C33F22B82F838A0D00EF2A81 /* SegmentedControl.swift */ = {isa = PBXFileReference; lastKnownFileType = sourcecode.swift; path = SegmentedControl.swift; sourceTree = "<group>"; };
		C33F22BA2F838D5300EF2A81 /* MissionViewController.swift */ = {isa = PBXFileReference; lastKnownFileType = sourcecode.swift; path = MissionViewController.swift; sourceTree = "<group>"; };
		C33F22BC2F83F48800EF2A81 /* UILabel+Utils.swift */ = {isa = PBXFileReference; lastKnownFileType = sourcecode.swift; path = "UILabel+Utils.swift"; sourceTree = "<group>"; };
		C33F22BE2F84C37600EF2A81 /* UIApplication+Utils.swift */ = {isa = PBXFileReference; lastKnownFileType = sourcecode.swift; path = "UIApplication+Utils.swift"; sourceTree = "<group>"; };
		C33F22C12F84C6D700EF2A81 /* MenuItemView.xib */ = {isa = PBXFileReference; lastKnownFileType = file.xib; path = MenuItemView.xib; sourceTree = "<group>"; };
		C33F22C32F84C74F00EF2A81 /* MenuItemView.swift */ = {isa = PBXFileReference; lastKnownFileType = sourcecode.swift; path = MenuItemView.swift; sourceTree = "<group>"; };
		C33F22C72F84C86500EF2A81 /* MenuView.xib */ = {isa = PBXFileReference; lastKnownFileType = file.xib; path = MenuView.xib; sourceTree = "<group>"; };
		C33F22C92F84C8B000EF2A81 /* MenuView.swift */ = {isa = PBXFileReference; lastKnownFileType = sourcecode.swift; path = MenuView.swift; sourceTree = "<group>"; };
		C346659A2F783741008648C8 /* CustomTabItem.swift */ = {isa = PBXFileReference; lastKnownFileType = sourcecode.swift; path = CustomTabItem.swift; sourceTree = "<group>"; };
		C346659B2F783741008648C8 /* GrowingTextView.swift */ = {isa = PBXFileReference; lastKnownFileType = sourcecode.swift; path = GrowingTextView.swift; sourceTree = "<group>"; };
		C346659C2F783741008648C8 /* RoundedControls.swift */ = {isa = PBXFileReference; lastKnownFileType = sourcecode.swift; path = RoundedControls.swift; sourceTree = "<group>"; };
		C346659D2F783741008648C8 /* StyledControls.swift */ = {isa = PBXFileReference; lastKnownFileType = sourcecode.swift; path = StyledControls.swift; sourceTree = "<group>"; };
		C346659F2F783741008648C8 /* UITableView+Utils.swift */ = {isa = PBXFileReference; lastKnownFileType = sourcecode.swift; path = "UITableView+Utils.swift"; sourceTree = "<group>"; };
		C34665A02F783741008648C8 /* UITextField+Utils.swift */ = {isa = PBXFileReference; lastKnownFileType = sourcecode.swift; path = "UITextField+Utils.swift"; sourceTree = "<group>"; };
		C34665A12F783741008648C8 /* UIView+Utils.swift */ = {isa = PBXFileReference; lastKnownFileType = sourcecode.swift; path = "UIView+Utils.swift"; sourceTree = "<group>"; };
		C34665A32F783741008648C8 /* CreateMissionViewController.swift */ = {isa = PBXFileReference; lastKnownFileType = sourcecode.swift; path = CreateMissionViewController.swift; sourceTree = "<group>"; };
		C34665A42F783741008648C8 /* MissionsViewController.swift */ = {isa = PBXFileReference; lastKnownFileType = sourcecode.swift; path = MissionsViewController.swift; sourceTree = "<group>"; };
		C34665A62F783741008648C8 /* MainViewController.swift */ = {isa = PBXFileReference; lastKnownFileType = sourcecode.swift; path = MainViewController.swift; sourceTree = "<group>"; };
		C34665A72F783741008648C8 /* StyledNavigationController.swift */ = {isa = PBXFileReference; lastKnownFileType = sourcecode.swift; path = StyledNavigationController.swift; sourceTree = "<group>"; };
		C34665A92F783741008648C8 /* Base */ = {isa = PBXFileReference; lastKnownFileType = file.storyboard; name = Base; path = Base.lproj/LaunchScreen.storyboard; sourceTree = "<group>"; };
		C34665AB2F783741008648C8 /* Base */ = {isa = PBXFileReference; lastKnownFileType = file.storyboard; name = Base; path = Base.lproj/Main.storyboard; sourceTree = "<group>"; };
		C34665AD2F783741008648C8 /* Map.storyboard */ = {isa = PBXFileReference; lastKnownFileType = file.storyboard; path = Map.storyboard; sourceTree = "<group>"; };
		C34665AE2F783741008648C8 /* Me.storyboard */ = {isa = PBXFileReference; lastKnownFileType = file.storyboard; path = Me.storyboard; sourceTree = "<group>"; };
		C34665AF2F783741008648C8 /* Missions.storyboard */ = {isa = PBXFileReference; lastKnownFileType = file.storyboard; path = Missions.storyboard; sourceTree = "<group>"; };
		C34665B02F783741008648C8 /* MyDay.storyboard */ = {isa = PBXFileReference; lastKnownFileType = file.storyboard; path = MyDay.storyboard; sourceTree = "<group>"; };
		C34665B22F783741008648C8 /* AppDelegate.swift */ = {isa = PBXFileReference; lastKnownFileType = sourcecode.swift; path = AppDelegate.swift; sourceTree = "<group>"; };
		C34665B32F783741008648C8 /* Assets.xcassets */ = {isa = PBXFileReference; lastKnownFileType = folder.assetcatalog; path = Assets.xcassets; sourceTree = "<group>"; };
		C34665B42F783741008648C8 /* Info.plist */ = {isa = PBXFileReference; lastKnownFileType = text.plist.xml; path = Info.plist; sourceTree = "<group>"; };
		C34665B52F783741008648C8 /* SceneDelegate.swift */ = {isa = PBXFileReference; lastKnownFileType = sourcecode.swift; path = SceneDelegate.swift; sourceTree = "<group>"; };
		C347A5832F98F42E0068D5B3 /* HiddenMissionTemplate.swift */ = {isa = PBXFileReference; lastKnownFileType = sourcecode.swift; path = HiddenMissionTemplate.swift; sourceTree = "<group>"; };
		C35911D42F9F6C740015FDE6 /* UIStackView+Utils.swift */ = {isa = PBXFileReference; lastKnownFileType = sourcecode.swift; path = "UIStackView+Utils.swift"; sourceTree = "<group>"; };
		C35911D62F9F81750015FDE6 /* zombi_audio.ogg */ = {isa = PBXFileReference; lastKnownFileType = file; path = zombi_audio.ogg; sourceTree = "<group>"; };
		C36B3D012F9692E400976790 /* missions_list.json */ = {isa = PBXFileReference; lastKnownFileType = text.json; path = missions_list.json; sourceTree = "<group>"; };
		C36B3D032F97A84D00976790 /* MissionTemplate.swift */ = {isa = PBXFileReference; lastKnownFileType = sourcecode.swift; path = MissionTemplate.swift; sourceTree = "<group>"; };
		C36B3D052F97D71900976790 /* TemplateCell.swift */ = {isa = PBXFileReference; lastKnownFileType = sourcecode.swift; path = TemplateCell.swift; sourceTree = "<group>"; };
		C36B3D082F9884EE00976790 /* EmotionCell.swift */ = {isa = PBXFileReference; lastKnownFileType = sourcecode.swift; path = EmotionCell.swift; sourceTree = "<group>"; };
		C37309D02FAE04A3004F7ED8 /* RecommendedStepCell.swift */ = {isa = PBXFileReference; lastKnownFileType = sourcecode.swift; path = RecommendedStepCell.swift; sourceTree = "<group>"; };
		C37309D22FAF7B78004F7ED8 /* HiddenStepsViewController.swift */ = {isa = PBXFileReference; lastKnownFileType = sourcecode.swift; path = HiddenStepsViewController.swift; sourceTree = "<group>"; };
		C37309D42FB0D2D6004F7ED8 /* AddedStepCell.swift */ = {isa = PBXFileReference; lastKnownFileType = sourcecode.swift; path = AddedStepCell.swift; sourceTree = "<group>"; };
		C37BB733300157C7006BE7EA /* EmotionCircleView.xib */ = {isa = PBXFileReference; lastKnownFileType = file.xib; path = EmotionCircleView.xib; sourceTree = "<group>"; };
		C37BB73530015C18006BE7EA /* EmotionCircleView.swift */ = {isa = PBXFileReference; lastKnownFileType = sourcecode.swift; path = EmotionCircleView.swift; sourceTree = "<group>"; };
		C37BB73730035EA9006BE7EA /* EmotionSettingsViewController.swift */ = {isa = PBXFileReference; lastKnownFileType = sourcecode.swift; path = EmotionSettingsViewController.swift; sourceTree = "<group>"; };
		C37BB73C3003F45B006BE7EA /* EmotionsPanelViewController.swift */ = {isa = PBXFileReference; lastKnownFileType = sourcecode.swift; path = EmotionsPanelViewController.swift; sourceTree = "<group>"; };
		C37BB73E30050458006BE7EA /* NoteBigPhotoCell.xib */ = {isa = PBXFileReference; lastKnownFileType = file.xib; path = NoteBigPhotoCell.xib; sourceTree = "<group>"; };
		C37BB7403005227C006BE7EA /* NoteBigPhotoCell.swift */ = {isa = PBXFileReference; lastKnownFileType = sourcecode.swift; path = NoteBigPhotoCell.swift; sourceTree = "<group>"; };
		C37BB743300559DE006BE7EA /* VideoHelper.swift */ = {isa = PBXFileReference; lastKnownFileType = sourcecode.swift; path = VideoHelper.swift; sourceTree = "<group>"; };
		C37BB74530056123006BE7EA /* Helpers.swift */ = {isa = PBXFileReference; lastKnownFileType = sourcecode.swift; path = Helpers.swift; sourceTree = "<group>"; };
		C37BB7473006A4EF006BE7EA /* NoteView.xib */ = {isa = PBXFileReference; lastKnownFileType = file.xib; path = NoteView.xib; sourceTree = "<group>"; };
		C37BB7493006B851006BE7EA /* NoteView.swift */ = {isa = PBXFileReference; lastKnownFileType = sourcecode.swift; path = NoteView.swift; sourceTree = "<group>"; };
		C37BB74B300777A1006BE7EA /* NoteSmallPhotoCell.swift */ = {isa = PBXFileReference; lastKnownFileType = sourcecode.swift; path = NoteSmallPhotoCell.swift; sourceTree = "<group>"; };
		C37BB74D30077821006BE7EA /* NoteSmallPhotoCell.xib */ = {isa = PBXFileReference; lastKnownFileType = file.xib; path = NoteSmallPhotoCell.xib; sourceTree = "<group>"; };
		C37BB74F300778CD006BE7EA /* NotePhotoCell.swift */ = {isa = PBXFileReference; lastKnownFileType = sourcecode.swift; path = NotePhotoCell.swift; sourceTree = "<group>"; };
		C3AE55C42FD09D08007A5E41 /* CreateStepViewController.swift */ = {isa = PBXFileReference; lastKnownFileType = sourcecode.swift; path = CreateStepViewController.swift; sourceTree = "<group>"; };
		C3AE55C82FD1E8B9007A5E41 /* DropDownItemView.swift */ = {isa = PBXFileReference; lastKnownFileType = sourcecode.swift; path = DropDownItemView.swift; sourceTree = "<group>"; };
		C3AE55CA2FD1E8D3007A5E41 /* DropDownItemView.xib */ = {isa = PBXFileReference; lastKnownFileType = file.xib; path = DropDownItemView.xib; sourceTree = "<group>"; };
		C3AE55CC2FD1F40D007A5E41 /* DropDownView.swift */ = {isa = PBXFileReference; lastKnownFileType = sourcecode.swift; path = DropDownView.swift; sourceTree = "<group>"; };
		C3AE55CE2FD1F42F007A5E41 /* DropDownView.xib */ = {isa = PBXFileReference; lastKnownFileType = file.xib; path = DropDownView.xib; sourceTree = "<group>"; };
		C3AE55D02FD2BA30007A5E41 /* DropDownControl.xib */ = {isa = PBXFileReference; lastKnownFileType = file.xib; path = DropDownControl.xib; sourceTree = "<group>"; };
		C3AE55D22FD2BA5E007A5E41 /* DropDownControl.swift */ = {isa = PBXFileReference; lastKnownFileType = sourcecode.swift; path = DropDownControl.swift; sourceTree = "<group>"; };
		C3AE55D52FD490CD007A5E41 /* CalendarView.swift */ = {isa = PBXFileReference; lastKnownFileType = sourcecode.swift; path = CalendarView.swift; sourceTree = "<group>"; };
		C3AE55D72FD490DD007A5E41 /* CalendarView.xib */ = {isa = PBXFileReference; lastKnownFileType = file.xib; path = CalendarView.xib; sourceTree = "<group>"; };
		C3AE55D92FD495A9007A5E41 /* CalendarViewCell.xib */ = {isa = PBXFileReference; lastKnownFileType = file.xib; path = CalendarViewCell.xib; sourceTree = "<group>"; };
		C3AE55DB2FD49660007A5E41 /* CalendarViewCell.swift */ = {isa = PBXFileReference; lastKnownFileType = sourcecode.swift; path = CalendarViewCell.swift; sourceTree = "<group>"; };
		C3AE55DD2FD49BB4007A5E41 /* DayView.xib */ = {isa = PBXFileReference; lastKnownFileType = file.xib; path = DayView.xib; sourceTree = "<group>"; };
		C3AE55DF2FD49BDC007A5E41 /* DayView.swift */ = {isa = PBXFileReference; lastKnownFileType = sourcecode.swift; path = DayView.swift; sourceTree = "<group>"; };
		C3AE55E12FD5E43C007A5E41 /* Date+Utils.swift */ = {isa = PBXFileReference; lastKnownFileType = sourcecode.swift; path = "Date+Utils.swift"; sourceTree = "<group>"; };
		C3AE55E32FD8143C007A5E41 /* StepViewController.swift */ = {isa = PBXFileReference; lastKnownFileType = sourcecode.swift; path = StepViewController.swift; sourceTree = "<group>"; };
		C3AE55E52FD879A1007A5E41 /* UIScrollView+Utils.swift */ = {isa = PBXFileReference; lastKnownFileType = sourcecode.swift; path = "UIScrollView+Utils.swift"; sourceTree = "<group>"; };
		C3B7D7192F94A54E00562DC2 /* CropImageViewController.swift */ = {isa = PBXFileReference; lastKnownFileType = sourcecode.swift; path = CropImageViewController.swift; sourceTree = "<group>"; };
		C3B7D71B2F9538FF00562DC2 /* Cover.swift */ = {isa = PBXFileReference; lastKnownFileType = sourcecode.swift; path = Cover.swift; sourceTree = "<group>"; };
		C3BEABAF2F9A38E900359CB6 /* TemplateHeaderCell.swift */ = {isa = PBXFileReference; lastKnownFileType = sourcecode.swift; path = TemplateHeaderCell.swift; sourceTree = "<group>"; };
		C3BEABB12F9A39BF00359CB6 /* TemplateViewController.swift */ = {isa = PBXFileReference; lastKnownFileType = sourcecode.swift; path = TemplateViewController.swift; sourceTree = "<group>"; };
		C3BEABB32F9BAFD600359CB6 /* mission_1.json */ = {isa = PBXFileReference; lastKnownFileType = text.json; path = mission_1.json; sourceTree = "<group>"; };
		C3BEABB52F9BB00500359CB6 /* mission_2.json */ = {isa = PBXFileReference; lastKnownFileType = text.json; path = mission_2.json; sourceTree = "<group>"; };
		C3BEABB72F9BB02F00359CB6 /* mission_3.json */ = {isa = PBXFileReference; lastKnownFileType = text.json; path = mission_3.json; sourceTree = "<group>"; };
		C3BEABB92F9BB05200359CB6 /* mission_4.json */ = {isa = PBXFileReference; lastKnownFileType = text.json; path = mission_4.json; sourceTree = "<group>"; };
		C3BEABBB2F9BB06F00359CB6 /* mission_5.json */ = {isa = PBXFileReference; lastKnownFileType = text.json; path = mission_5.json; sourceTree = "<group>"; };
		C3BEABBD2F9BB0A000359CB6 /* mission_6.json */ = {isa = PBXFileReference; lastKnownFileType = text.json; path = mission_6.json; sourceTree = "<group>"; };
		C3BEABBF2F9BB0BE00359CB6 /* mission_7.json */ = {isa = PBXFileReference; lastKnownFileType = text.json; path = mission_7.json; sourceTree = "<group>"; };
		C3BEABC12F9BB0D600359CB6 /* mission_8.json */ = {isa = PBXFileReference; lastKnownFileType = text.json; path = mission_8.json; sourceTree = "<group>"; };
		C3BEABC32F9BB0EF00359CB6 /* mission_9.json */ = {isa = PBXFileReference; lastKnownFileType = text.json; path = mission_9.json; sourceTree = "<group>"; };
		C3BEABC52F9BB10300359CB6 /* mission_10.json */ = {isa = PBXFileReference; lastKnownFileType = text.json; path = mission_10.json; sourceTree = "<group>"; };
		C3BEABC72F9BB11F00359CB6 /* mission_11.json */ = {isa = PBXFileReference; lastKnownFileType = text.json; path = mission_11.json; sourceTree = "<group>"; };
		C3BEABC92F9BB13D00359CB6 /* mission_12.json */ = {isa = PBXFileReference; lastKnownFileType = text.json; path = mission_12.json; sourceTree = "<group>"; };
		C3BEABCB2F9BB15500359CB6 /* mission_13.json */ = {isa = PBXFileReference; lastKnownFileType = text.json; path = mission_13.json; sourceTree = "<group>"; };
		C3BEABCD2F9BB23500359CB6 /* mission_14.json */ = {isa = PBXFileReference; lastKnownFileType = text.json; path = mission_14.json; sourceTree = "<group>"; };
		C3BEABCF2F9BB35400359CB6 /* mission_15.json */ = {isa = PBXFileReference; lastKnownFileType = text.json; path = mission_15.json; sourceTree = "<group>"; };
		C3BEABD12F9BB4F800359CB6 /* mission_16.json */ = {isa = PBXFileReference; lastKnownFileType = text.json; path = mission_16.json; sourceTree = "<group>"; };
		C3BEABD32F9BB5FA00359CB6 /* mission_17.json */ = {isa = PBXFileReference; lastKnownFileType = text.json; path = mission_17.json; sourceTree = "<group>"; };
		C3BEABD52F9BB88700359CB6 /* TemplateStepCell.swift */ = {isa = PBXFileReference; lastKnownFileType = sourcecode.swift; path = TemplateStepCell.swift; sourceTree = "<group>"; };
		C3BEABDC2F9E7E3300359CB6 /* TemplateNoteCell.swift */ = {isa = PBXFileReference; lastKnownFileType = sourcecode.swift; path = TemplateNoteCell.swift; sourceTree = "<group>"; };
		C3CABD632FF28F760067CA73 /* MoveStepViewController.swift */ = {isa = PBXFileReference; lastKnownFileType = sourcecode.swift; path = MoveStepViewController.swift; sourceTree = "<group>"; };
		C3CABD652FF5B0EC0067CA73 /* AddNoteView.xib */ = {isa = PBXFileReference; lastKnownFileType = file.xib; path = AddNoteView.xib; sourceTree = "<group>"; };
		C3CABD672FF5B94C0067CA73 /* AddNoteView.swift */ = {isa = PBXFileReference; lastKnownFileType = sourcecode.swift; path = AddNoteView.swift; sourceTree = "<group>"; };
		C3CABD692FF7D88C0067CA73 /* SelectDateViewController.swift */ = {isa = PBXFileReference; lastKnownFileType = sourcecode.swift; path = SelectDateViewController.swift; sourceTree = "<group>"; };
		C3CABD6E2FF844400067CA73 /* SelectEmotionCell.swift */ = {isa = PBXFileReference; lastKnownFileType = sourcecode.swift; path = SelectEmotionCell.swift; sourceTree = "<group>"; };
		C3CABD702FF84DE10067CA73 /* SelectEmotionViewController.swift */ = {isa = PBXFileReference; lastKnownFileType = sourcecode.swift; path = SelectEmotionViewController.swift; sourceTree = "<group>"; };
		C3CABD722FF9708C0067CA73 /* MissionEmotion.swift */ = {isa = PBXFileReference; lastKnownFileType = sourcecode.swift; path = MissionEmotion.swift; sourceTree = "<group>"; };
		C3CABD742FFAE70C0067CA73 /* EmotionsModeCell.swift */ = {isa = PBXFileReference; lastKnownFileType = sourcecode.swift; path = EmotionsModeCell.swift; sourceTree = "<group>"; };
		C3CF26ED2F79290F0008718D /* CoverCell.swift */ = {isa = PBXFileReference; lastKnownFileType = sourcecode.swift; path = CoverCell.swift; sourceTree = "<group>"; };
		C3CF26EF2F7929B70008718D /* CoverViewController.swift */ = {isa = PBXFileReference; lastKnownFileType = sourcecode.swift; path = CoverViewController.swift; sourceTree = "<group>"; };
		C3CF26F12F7936DD0008718D /* UIViewController+Utils.swift */ = {isa = PBXFileReference; lastKnownFileType = sourcecode.swift; path = "UIViewController+Utils.swift"; sourceTree = "<group>"; };
		C3D34ADD2FA0FB5C007E5CAF /* GalleryCell.swift */ = {isa = PBXFileReference; lastKnownFileType = sourcecode.swift; path = GalleryCell.swift; sourceTree = "<group>"; };
		C3D34ADF2FA1D9ED007E5CAF /* ImageScrollView.swift */ = {isa = PBXFileReference; lastKnownFileType = sourcecode.swift; path = ImageScrollView.swift; sourceTree = "<group>"; };
		C3D542552F9125330093D819 /* NotificationNames.swift */ = {isa = PBXFileReference; lastKnownFileType = sourcecode.swift; path = NotificationNames.swift; sourceTree = "<group>"; };
		C3D542572F91F5F90093D819 /* TooltipView.swift */ = {isa = PBXFileReference; lastKnownFileType = sourcecode.swift; path = TooltipView.swift; sourceTree = "<group>"; };
		C3D542592F91F61E0093D819 /* TooltipView.xib */ = {isa = PBXFileReference; lastKnownFileType = file.xib; path = TooltipView.xib; sourceTree = "<group>"; };
		C3D5425B2F928B350093D819 /* NotificationView.xib */ = {isa = PBXFileReference; lastKnownFileType = file.xib; path = NotificationView.xib; sourceTree = "<group>"; };
		C3D5425D2F928C4B0093D819 /* NotificationView.swift */ = {isa = PBXFileReference; lastKnownFileType = sourcecode.swift; path = NotificationView.swift; sourceTree = "<group>"; };
		C3E34DB82F6D4B2A003ACBA4 /* Vistalio.app */ = {isa = PBXFileReference; explicitFileType = wrapper.application; includeInIndex = 0; path = Vistalio.app; sourceTree = BUILT_PRODUCTS_DIR; };
		C3E85A702FAC857100C6ACC4 /* Vistalio.entitlements */ = {isa = PBXFileReference; lastKnownFileType = text.plist.entitlements; path = Vistalio.entitlements; sourceTree = "<group>"; };
		C3F47EC42F9FCA1700F17AC8 /* MissionStep.swift */ = {isa = PBXFileReference; lastKnownFileType = sourcecode.swift; path = MissionStep.swift; sourceTree = "<group>"; };
		C3F47EC72F9FCAB100F17AC8 /* MissionNote.swift */ = {isa = PBXFileReference; lastKnownFileType = sourcecode.swift; path = MissionNote.swift; sourceTree = "<group>"; };
		C3F47EC92FA0BB6600F17AC8 /* AppsFlyerHelper.swift */ = {isa = PBXFileReference; lastKnownFileType = sourcecode.swift; path = AppsFlyerHelper.swift; sourceTree = "<group>"; };
		C3F47ECB2FA0F7D100F17AC8 /* GalleryView.swift */ = {isa = PBXFileReference; lastKnownFileType = sourcecode.swift; path = GalleryView.swift; sourceTree = "<group>"; };
		C3F47ECD2FA0F7DF00F17AC8 /* GalleryView.xib */ = {isa = PBXFileReference; lastKnownFileType = file.xib; path = GalleryView.xib; sourceTree = "<group>"; };
		C3F47ED02FA0FA8400F17AC8 /* GalleryCell.xib */ = {isa = PBXFileReference; lastKnownFileType = file.xib; path = GalleryCell.xib; sourceTree = "<group>"; };
/* End PBXFileReference section */

/* Begin PBXFrameworksBuildPhase section */
		C3E34DB52F6D4B2A003ACBA4 /* Frameworks */ = {
			isa = PBXFrameworksBuildPhase;
			buildActionMask = 2147483647;
			files = (
				4A511EFA33FFC9C2B9B129E8 /* Pods_Vistalio.framework in Frameworks */,
			);
			runOnlyForDeploymentPostprocessing = 0;
		};
/* End PBXFrameworksBuildPhase section */

/* Begin PBXGroup section */
		C33F22972F80127500EF2A81 /* Data */ = {
			isa = PBXGroup;
			children = (
				C33F22982F80128600EF2A81 /* Model */,
				C33F22952F8011EC00EF2A81 /* CoreDataStack.swift */,
				C33F22A92F8238C100EF2A81 /* MissionsHolder.swift */,
				C33F22922F80104100EF2A81 /* Vistalio.xcdatamodeld */,
			);
			path = Data;
			sourceTree = "<group>";
		};
		C33F22982F80128600EF2A81 /* Model */ = {
			isa = PBXGroup;
			children = (
				C3B7D71B2F9538FF00562DC2 /* Cover.swift */,
				C33F229C2F80134A00EF2A81 /* Mission.swift */,
				C3CABD722FF9708C0067CA73 /* MissionEmotion.swift */,
				C3F47EC72F9FCAB100F17AC8 /* MissionNote.swift */,
				C3F47EC42F9FCA1700F17AC8 /* MissionStep.swift */,
				C37BB74530056123006BE7EA /* Helpers.swift */,
				C3F47EC62F9FCA9F00F17AC8 /* Template */,
			);
			path = Model;
			sourceTree = "<group>";
		};
		C33F229F2F8013B500EF2A81 /* Helpers */ = {
			isa = PBXGroup;
			children = (
				C33F22A02F80145A00EF2A81 /* FilesHelper.swift */,
				C3F47EC92FA0BB6600F17AC8 /* AppsFlyerHelper.swift */,
				C37BB743300559DE006BE7EA /* VideoHelper.swift */,
			);
			path = Helpers;
			sourceTree = "<group>";
		};
		C33F22A42F80250F00EF2A81 /* Common */ = {
			isa = PBXGroup;
			children = (
				C33F22A52F80251300EF2A81 /* SelectActionViewController.swift */,
				C3B7D7192F94A54E00562DC2 /* CropImageViewController.swift */,
				C3CABD692FF7D88C0067CA73 /* SelectDateViewController.swift */,
			);
			path = Common;
			sourceTree = "<group>";
		};
		C33F22B32F82CE9800EF2A81 /* SegmentedControl */ = {
			isa = PBXGroup;
			children = (
				C33F22AF2F82CA7E00EF2A81 /* SegmentedControl.xib */,
				C33F22B82F838A0D00EF2A81 /* SegmentedControl.swift */,
				C33F22B12F82CE7F00EF2A81 /* SegmentedControlTab.xib */,
				C33F22B42F83871B00EF2A81 /* SegmentedControlTab.swift */,
			);
			path = SegmentedControl;
			sourceTree = "<group>";
		};
		C33F22C02F84C6C600EF2A81 /* Menu */ = {
			isa = PBXGroup;
			children = (
				C33F22C12F84C6D700EF2A81 /* MenuItemView.xib */,
				C33F22C32F84C74F00EF2A81 /* MenuItemView.swift */,
				C33F22C72F84C86500EF2A81 /* MenuView.xib */,
				C33F22C92F84C8B000EF2A81 /* MenuView.swift */,
			);
			path = Menu;
			sourceTree = "<group>";
		};
		C346659E2F783741008648C8 /* Components */ = {
			isa = PBXGroup;
			children = (
				C37BB74230053AA4006BE7EA /* AddNoteView */,
				C3AE55D42FD490BE007A5E41 /* CalendarView */,
				C346659A2F783741008648C8 /* CustomTabItem.swift */,
				C3AE55C72FD1E8AF007A5E41 /* DropDownView */,
				C3F47ECF2FA0FA6B00F17AC8 /* GalleryView */,
				C346659B2F783741008648C8 /* GrowingTextView.swift */,
				C3D34ADF2FA1D9ED007E5CAF /* ImageScrollView.swift */,
				C33F22C02F84C6C600EF2A81 /* Menu */,
				C3D5425B2F928B350093D819 /* NotificationView.xib */,
				C3D5425D2F928C4B0093D819 /* NotificationView.swift */,
				C346659C2F783741008648C8 /* RoundedControls.swift */,
				C33F22B32F82CE9800EF2A81 /* SegmentedControl */,
				C346659D2F783741008648C8 /* StyledControls.swift */,
				C3D542592F91F61E0093D819 /* TooltipView.xib */,
				C3D542572F91F5F90093D819 /* TooltipView.swift */,
				C37BB733300157C7006BE7EA /* EmotionCircleView.xib */,
				C37BB73530015C18006BE7EA /* EmotionCircleView.swift */,
			);
			path = Components;
			sourceTree = "<group>";
		};
		C34665A22F783741008648C8 /* Extensions */ = {
			isa = PBXGroup;
			children = (
				C3AE55E12FD5E43C007A5E41 /* Date+Utils.swift */,
				C3D542552F9125330093D819 /* NotificationNames.swift */,
				C33F22A22F80147000EF2A81 /* String+Utils.swift */,
				C33F22BE2F84C37600EF2A81 /* UIApplication+Utils.swift */,
				C33F22B62F83893B00EF2A81 /* UIColor+Utils.swift */,
				C33F22A72F82376800EF2A81 /* UIImage+Utils.swift */,
				C33F22AD2F82A43A00EF2A81 /* UIImageView+Utils.swift */,
				C33F22BC2F83F48800EF2A81 /* UILabel+Utils.swift */,
				C3AE55E52FD879A1007A5E41 /* UIScrollView+Utils.swift */,
				C35911D42F9F6C740015FDE6 /* UIStackView+Utils.swift */,
				C346659F2F783741008648C8 /* UITableView+Utils.swift */,
				C34665A02F783741008648C8 /* UITextField+Utils.swift */,
				C34665A12F783741008648C8 /* UIView+Utils.swift */,
				C3CF26F12F7936DD0008718D /* UIViewController+Utils.swift */,
			);
			path = Extensions;
			sourceTree = "<group>";
		};
		C34665A52F783741008648C8 /* Missions */ = {
			isa = PBXGroup;
			children = (
				C34665A42F783741008648C8 /* MissionsViewController.swift */,
				C332CFCA2F8FB4A0002ABF15 /* MyMissionsViewController.swift */,
				C34665A32F783741008648C8 /* CreateMissionViewController.swift */,
				C3CF26EF2F7929B70008718D /* CoverViewController.swift */,
				C33F22BA2F838D5300EF2A81 /* MissionViewController.swift */,
				C3BEABB12F9A39BF00359CB6 /* TemplateViewController.swift */,
				C3CF26EC2F7929050008718D /* Cells */,
			);
			path = Missions;
			sourceTree = "<group>";
		};
		C34665A82F783741008648C8 /* Screens */ = {
			isa = PBXGroup;
			children = (
				C33F22A42F80250F00EF2A81 /* Common */,
				C34665A52F783741008648C8 /* Missions */,
				C3CABD6C2FF83E980067CA73 /* Steps */,
				C37BB73A3003F425006BE7EA /* Emotions */,
				C34665A62F783741008648C8 /* MainViewController.swift */,
				C34665A72F783741008648C8 /* StyledNavigationController.swift */,
			);
			path = Screens;
			sourceTree = "<group>";
		};
		C34665B12F783741008648C8 /* Storyboards */ = {
			isa = PBXGroup;
			children = (
				C34665AA2F783741008648C8 /* LaunchScreen.storyboard */,
				C34665AC2F783741008648C8 /* Main.storyboard */,
				C34665AD2F783741008648C8 /* Map.storyboard */,
				C34665AE2F783741008648C8 /* Me.storyboard */,
				C34665AF2F783741008648C8 /* Missions.storyboard */,
				C34665B02F783741008648C8 /* MyDay.storyboard */,
			);
			path = Storyboards;
			sourceTree = "<group>";
		};
		C34665B62F783741008648C8 /* Vistalio */ = {
			isa = PBXGroup;
			children = (
				C3E85A702FAC857100C6ACC4 /* Vistalio.entitlements */,
				C346659E2F783741008648C8 /* Components */,
				C33F22972F80127500EF2A81 /* Data */,
				C34665A22F783741008648C8 /* Extensions */,
				C33F229F2F8013B500EF2A81 /* Helpers */,
				C36B3D002F9692CB00976790 /* Resources */,
				C34665A82F783741008648C8 /* Screens */,
				C34665B12F783741008648C8 /* Storyboards */,
				C34665B22F783741008648C8 /* AppDelegate.swift */,
				C34665B52F783741008648C8 /* SceneDelegate.swift */,
				C34665B32F783741008648C8 /* Assets.xcassets */,
				C34665B42F783741008648C8 /* Info.plist */,
			);
			path = Vistalio;
			sourceTree = "<group>";
		};
		C36B3D002F9692CB00976790 /* Resources */ = {
			isa = PBXGroup;
			children = (
				C36B3D012F9692E400976790 /* missions_list.json */,
				C3BEABB32F9BAFD600359CB6 /* mission_1.json */,
				C3BEABB52F9BB00500359CB6 /* mission_2.json */,
				C3BEABB72F9BB02F00359CB6 /* mission_3.json */,
				C3BEABB92F9BB05200359CB6 /* mission_4.json */,
				C3BEABBB2F9BB06F00359CB6 /* mission_5.json */,
				C3BEABBD2F9BB0A000359CB6 /* mission_6.json */,
				C3BEABBF2F9BB0BE00359CB6 /* mission_7.json */,
				C3BEABC12F9BB0D600359CB6 /* mission_8.json */,
				C3BEABC32F9BB0EF00359CB6 /* mission_9.json */,
				C3BEABC52F9BB10300359CB6 /* mission_10.json */,
				C3BEABC72F9BB11F00359CB6 /* mission_11.json */,
				C3BEABC92F9BB13D00359CB6 /* mission_12.json */,
				C3BEABCB2F9BB15500359CB6 /* mission_13.json */,
				C3BEABCD2F9BB23500359CB6 /* mission_14.json */,
				C3BEABCF2F9BB35400359CB6 /* mission_15.json */,
				C3BEABD12F9BB4F800359CB6 /* mission_16.json */,
				C3BEABD32F9BB5FA00359CB6 /* mission_17.json */,
				C35911D62F9F81750015FDE6 /* zombi_audio.ogg */,
			);
			path = Resources;
			sourceTree = "<group>";
		};
		C37BB73A3003F425006BE7EA /* Emotions */ = {
			isa = PBXGroup;
			children = (
				C3CABD702FF84DE10067CA73 /* SelectEmotionViewController.swift */,
				C37BB73730035EA9006BE7EA /* EmotionSettingsViewController.swift */,
				C37BB73C3003F45B006BE7EA /* EmotionsPanelViewController.swift */,
				C37BB73B3003F434006BE7EA /* Cells */,
			);
			path = Emotions;
			sourceTree = "<group>";
		};
		C37BB73B3003F434006BE7EA /* Cells */ = {
			isa = PBXGroup;
			children = (
				C3CABD6E2FF844400067CA73 /* SelectEmotionCell.swift */,
				C3CABD742FFAE70C0067CA73 /* EmotionsModeCell.swift */,
			);
			path = Cells;
			sourceTree = "<group>";
		};
		C37BB74230053AA4006BE7EA /* AddNoteView */ = {
			isa = PBXGroup;
			children = (
				C3CABD652FF5B0EC0067CA73 /* AddNoteView.xib */,
				C3CABD672FF5B94C0067CA73 /* AddNoteView.swift */,
				C37BB7473006A4EF006BE7EA /* NoteView.xib */,
				C37BB7493006B851006BE7EA /* NoteView.swift */,
				C37BB75130077909006BE7EA /* Cells */,
			);
			path = AddNoteView;
			sourceTree = "<group>";
		};
		C37BB75130077909006BE7EA /* Cells */ = {
			isa = PBXGroup;
			children = (
				C37BB74F300778CD006BE7EA /* NotePhotoCell.swift */,
				C37BB73E30050458006BE7EA /* NoteBigPhotoCell.xib */,
				C37BB7403005227C006BE7EA /* NoteBigPhotoCell.swift */,
				C37BB74D30077821006BE7EA /* NoteSmallPhotoCell.xib */,
				C37BB74B300777A1006BE7EA /* NoteSmallPhotoCell.swift */,
			);
			path = Cells;
			sourceTree = "<group>";
		};
		C3AE55C72FD1E8AF007A5E41 /* DropDownView */ = {
			isa = PBXGroup;
			children = (
				C3AE55CA2FD1E8D3007A5E41 /* DropDownItemView.xib */,
				C3AE55C82FD1E8B9007A5E41 /* DropDownItemView.swift */,
				C3AE55CE2FD1F42F007A5E41 /* DropDownView.xib */,
				C3AE55CC2FD1F40D007A5E41 /* DropDownView.swift */,
				C3AE55D02FD2BA30007A5E41 /* DropDownControl.xib */,
				C3AE55D22FD2BA5E007A5E41 /* DropDownControl.swift */,
			);
			path = DropDownView;
			sourceTree = "<group>";
		};
		C3AE55D42FD490BE007A5E41 /* CalendarView */ = {
			isa = PBXGroup;
			children = (
				C3AE55D72FD490DD007A5E41 /* CalendarView.xib */,
				C3AE55D52FD490CD007A5E41 /* CalendarView.swift */,
				C3AE55D92FD495A9007A5E41 /* CalendarViewCell.xib */,
				C3AE55DB2FD49660007A5E41 /* CalendarViewCell.swift */,
				C3AE55DD2FD49BB4007A5E41 /* DayView.xib */,
				C3AE55DF2FD49BDC007A5E41 /* DayView.swift */,
			);
			path = CalendarView;
			sourceTree = "<group>";
		};
		C3BEABAE2F9A38D000359CB6 /* TemplateScreen */ = {
			isa = PBXGroup;
			children = (
				C3BEABAF2F9A38E900359CB6 /* TemplateHeaderCell.swift */,
				C3BEABD52F9BB88700359CB6 /* TemplateStepCell.swift */,
				C3BEABDC2F9E7E3300359CB6 /* TemplateNoteCell.swift */,
			);
			path = TemplateScreen;
			sourceTree = "<group>";
		};
		C3CABD6C2FF83E980067CA73 /* Steps */ = {
			isa = PBXGroup;
			children = (
				C37309D22FAF7B78004F7ED8 /* HiddenStepsViewController.swift */,
				C3AE55C42FD09D08007A5E41 /* CreateStepViewController.swift */,
				C3AE55E32FD8143C007A5E41 /* StepViewController.swift */,
				C3CABD632FF28F760067CA73 /* MoveStepViewController.swift */,
				C3CABD6D2FF83EC60067CA73 /* Cells */,
			);
			path = Steps;
			sourceTree = "<group>";
		};
		C3CABD6D2FF83EC60067CA73 /* Cells */ = {
			isa = PBXGroup;
			children = (
				C37309D02FAE04A3004F7ED8 /* RecommendedStepCell.swift */,
				C37309D42FB0D2D6004F7ED8 /* AddedStepCell.swift */,
			);
			path = Cells;
			sourceTree = "<group>";
		};
		C3CF26EC2F7929050008718D /* Cells */ = {
			isa = PBXGroup;
			children = (
				C33F22AB2F8299D800EF2A81 /* MyMissionCell.swift */,
				C3CF26ED2F79290F0008718D /* CoverCell.swift */,
				C36B3D052F97D71900976790 /* TemplateCell.swift */,
				C36B3D082F9884EE00976790 /* EmotionCell.swift */,
				C3BEABAE2F9A38D000359CB6 /* TemplateScreen */,
			);
			path = Cells;
			sourceTree = "<group>";
		};
		C3E34DAF2F6D4B29003ACBA4 = {
			isa = PBXGroup;
			children = (
				C34665B62F783741008648C8 /* Vistalio */,
				C3E34DB92F6D4B2A003ACBA4 /* Products */,
				FE38C6D2715D0F953660E757 /* Pods */,
				EC51933630804151656D0D2A /* Frameworks */,
			);
			sourceTree = "<group>";
		};
		C3E34DB92F6D4B2A003ACBA4 /* Products */ = {
			isa = PBXGroup;
			children = (
				C3E34DB82F6D4B2A003ACBA4 /* Vistalio.app */,
			);
			name = Products;
			sourceTree = "<group>";
		};
		C3F47EC62F9FCA9F00F17AC8 /* Template */ = {
			isa = PBXGroup;
			children = (
				C36B3D032F97A84D00976790 /* MissionTemplate.swift */,
				C347A5832F98F42E0068D5B3 /* HiddenMissionTemplate.swift */,
			);
			path = Template;
			sourceTree = "<group>";
		};
		C3F47ECF2FA0FA6B00F17AC8 /* GalleryView */ = {
			isa = PBXGroup;
			children = (
				C3F47ECD2FA0F7DF00F17AC8 /* GalleryView.xib */,
				C3F47ECB2FA0F7D100F17AC8 /* GalleryView.swift */,
				C3F47ED02FA0FA8400F17AC8 /* GalleryCell.xib */,
				C3D34ADD2FA0FB5C007E5CAF /* GalleryCell.swift */,
			);
			path = GalleryView;
			sourceTree = "<group>";
		};
		EC51933630804151656D0D2A /* Frameworks */ = {
			isa = PBXGroup;
			children = (
				3F9044A2C1A96AD9B2258C85 /* Pods_Vistalio.framework */,
			);
			name = Frameworks;
			sourceTree = "<group>";
		};
		FE38C6D2715D0F953660E757 /* Pods */ = {
			isa = PBXGroup;
			children = (
				13F426B1D31B72DB7E095C10 /* Pods-Vistalio.debug.xcconfig */,
				4ACEA687D8838AB39DBDACD0 /* Pods-Vistalio.release.xcconfig */,
			);
			path = Pods;
			sourceTree = "<group>";
		};
/* End PBXGroup section */

/* Begin PBXNativeTarget section */
		C3E34DB72F6D4B2A003ACBA4 /* Vistalio */ = {
			isa = PBXNativeTarget;
			buildConfigurationList = C3E34DCB2F6D4B2B003ACBA4 /* Build configuration list for PBXNativeTarget "Vistalio" */;
			buildPhases = (
				42E8E3EE042B5E85D8E4FD57 /* [CP] Check Pods Manifest.lock */,
				C3E34DB42F6D4B2A003ACBA4 /* Sources */,
				C3E34DB52F6D4B2A003ACBA4 /* Frameworks */,
				C3E34DB62F6D4B2A003ACBA4 /* Resources */,
				2BE4A7E5465720E5DDDE2CD5 /* [CP] Embed Pods Frameworks */,
				F1DBD08C2273014010CA33FC /* [CP] Copy Pods Resources */,
			);
			buildRules = (
			);
			dependencies = (
			);
			name = Vistalio;
			productName = Vistalio;
			productReference = C3E34DB82F6D4B2A003ACBA4 /* Vistalio.app */;
			productType = "com.apple.product-type.application";
		};
/* End PBXNativeTarget section */

/* Begin PBXProject section */
		C3E34DB02F6D4B29003ACBA4 /* Project object */ = {
			isa = PBXProject;
			attributes = {
				BuildIndependentTargetsInParallel = 1;
				LastSwiftUpdateCheck = 1610;
				LastUpgradeCheck = 1610;
				TargetAttributes = {
					C3E34DB72F6D4B2A003ACBA4 = {
						CreatedOnToolsVersion = 16.1;
					};
				};
			};
			buildConfigurationList = C3E34DB32F6D4B29003ACBA4 /* Build configuration list for PBXProject "Vistalio" */;
			compatibilityVersion = "Xcode 15.0";
			developmentRegion = en;
			hasScannedForEncodings = 0;
			knownRegions = (
				en,
				Base,
			);
			mainGroup = C3E34DAF2F6D4B29003ACBA4;
			minimizedProjectReferenceProxies = 1;
			productRefGroup = C3E34DB92F6D4B2A003ACBA4 /* Products */;
			projectDirPath = "";
			projectRoot = "";
			targets = (
				C3E34DB72F6D4B2A003ACBA4 /* Vistalio */,
			);
		};
/* End PBXProject section */

/* Begin PBXResourcesBuildPhase section */
		C3E34DB62F6D4B2A003ACBA4 /* Resources */ = {
			isa = PBXResourcesBuildPhase;
			buildActionMask = 2147483647;
			files = (
				C3BEABD72F9BC01100359CB6 /* mission_9.json in Resources */,
				C3BEABD82F9BC01100359CB6 /* mission_10.json in Resources */,
				C3BEABD92F9BC01100359CB6 /* mission_14.json in Resources */,
				C3AE55CB2FD1E8D3007A5E41 /* DropDownItemView.xib in Resources */,
				C3BEABD22F9BB50000359CB6 /* mission_16.json in Resources */,
				C36B3D072F97DC9100976790 /* missions_list.json in Resources */,
				C34665B72F783741008648C8 /* LaunchScreen.storyboard in Resources */,
				C3BEABC82F9BB12700359CB6 /* mission_11.json in Resources */,
				C3BEABCA2F9BB14300359CB6 /* mission_12.json in Resources */,
				C33F22C82F84C86500EF2A81 /* MenuView.xib in Resources */,
				C3BEABB82F9BB03500359CB6 /* mission_3.json in Resources */,
				C3D5425A2F91F61E0093D819 /* TooltipView.xib in Resources */,
				C3CABD662FF5B0EC0067CA73 /* AddNoteView.xib in Resources */,
				C34665B82F783741008648C8 /* Main.storyboard in Resources */,
				C37BB7483006A4EF006BE7EA /* NoteView.xib in Resources */,
				C3AE55CF2FD1F42F007A5E41 /* DropDownView.xib in Resources */,
				C35911D72F9F81750015FDE6 /* zombi_audio.ogg in Resources */,
				C33F22B02F82CA7E00EF2A81 /* SegmentedControl.xib in Resources */,
				C3D5425C2F928B350093D819 /* NotificationView.xib in Resources */,
				C3BEABD02F9BB35A00359CB6 /* mission_15.json in Resources */,
				C34665B92F783741008648C8 /* Map.storyboard in Resources */,
				C3BEABC02F9BB0C300359CB6 /* mission_7.json in Resources */,
				C33F22C22F84C6D700EF2A81 /* MenuItemView.xib in Resources */,
				C3BEABC22F9BB0DC00359CB6 /* mission_8.json in Resources */,
				C3BEABB62F9BB00A00359CB6 /* mission_2.json in Resources */,
				C37BB73F30050458006BE7EA /* NoteBigPhotoCell.xib in Resources */,
				C37BB734300157C7006BE7EA /* EmotionCircleView.xib in Resources */,
				C33F22B22F82CE7F00EF2A81 /* SegmentedControlTab.xib in Resources */,
				C3F47ED12FA0FA8400F17AC8 /* GalleryCell.xib in Resources */,
				C34665BA2F783741008648C8 /* Me.storyboard in Resources */,
				C34665BB2F783741008648C8 /* Missions.storyboard in Resources */,
				C3BEABD42F9BB5FF00359CB6 /* mission_17.json in Resources */,
				C3BEABB42F9BAFDD00359CB6 /* mission_1.json in Resources */,
				C3BEABCC2F9BB15A00359CB6 /* mission_13.json in Resources */,
				C3BEABBA2F9BB05700359CB6 /* mission_4.json in Resources */,
				C37BB74E30077821006BE7EA /* NoteSmallPhotoCell.xib in Resources */,
				C34665BC2F783741008648C8 /* MyDay.storyboard in Resources */,
				C3BEABBE2F9BB0A600359CB6 /* mission_6.json in Resources */,
				C3BEABBC2F9BB07400359CB6 /* mission_5.json in Resources */,
				C3AE55DA2FD495A9007A5E41 /* CalendarViewCell.xib in Resources */,
				C34665BD2F783741008648C8 /* Assets.xcassets in Resources */,
				C3AE55D12FD2BA30007A5E41 /* DropDownControl.xib in Resources */,
				C3AE55DE2FD49BB4007A5E41 /* DayView.xib in Resources */,
				C3AE55D82FD490DD007A5E41 /* CalendarView.xib in Resources */,
				C3F47ECE2FA0F7DF00F17AC8 /* GalleryView.xib in Resources */,
			);
			runOnlyForDeploymentPostprocessing = 0;
		};
/* End PBXResourcesBuildPhase section */

/* Begin PBXShellScriptBuildPhase section */
		2BE4A7E5465720E5DDDE2CD5 /* [CP] Embed Pods Frameworks */ = {
			isa = PBXShellScriptBuildPhase;
			buildActionMask = 2147483647;
			files = (
			);
			inputFileListPaths = (
				"${PODS_ROOT}/Target Support Files/Pods-Vistalio/Pods-Vistalio-frameworks-${CONFIGURATION}-input-files.xcfilelist",
			);
			inputPaths = (
			);
			name = "[CP] Embed Pods Frameworks";
			outputFileListPaths = (
				"${PODS_ROOT}/Target Support Files/Pods-Vistalio/Pods-Vistalio-frameworks-${CONFIGURATION}-output-files.xcfilelist",
			);
			outputPaths = (
			);
			runOnlyForDeploymentPostprocessing = 0;
			shellPath = /bin/sh;
			shellScript = "\"${PODS_ROOT}/Target Support Files/Pods-Vistalio/Pods-Vistalio-frameworks.sh\"\n";
			showEnvVarsInLog = 0;
		};
		42E8E3EE042B5E85D8E4FD57 /* [CP] Check Pods Manifest.lock */ = {
			isa = PBXShellScriptBuildPhase;
			buildActionMask = 2147483647;
			files = (
			);
			inputFileListPaths = (
			);
			inputPaths = (
				"${PODS_PODFILE_DIR_PATH}/Podfile.lock",
				"${PODS_ROOT}/Manifest.lock",
			);
			name = "[CP] Check Pods Manifest.lock";
			outputFileListPaths = (
			);
			outputPaths = (
				"$(DERIVED_FILE_DIR)/Pods-Vistalio-checkManifestLockResult.txt",
			);
			runOnlyForDeploymentPostprocessing = 0;
			shellPath = /bin/sh;
			shellScript = "diff \"${PODS_PODFILE_DIR_PATH}/Podfile.lock\" \"${PODS_ROOT}/Manifest.lock\" > /dev/null\nif [ $? != 0 ] ; then\n    # print error to STDERR\n    echo \"error: The sandbox is not in sync with the Podfile.lock. Run 'pod install' or update your CocoaPods installation.\" >&2\n    exit 1\nfi\n# This output is used by Xcode 'outputs' to avoid re-running this script phase.\necho \"SUCCESS\" > \"${SCRIPT_OUTPUT_FILE_0}\"\n";
			showEnvVarsInLog = 0;
		};
		F1DBD08C2273014010CA33FC /* [CP] Copy Pods Resources */ = {
			isa = PBXShellScriptBuildPhase;
			buildActionMask = 2147483647;
			files = (
			);
			inputFileListPaths = (
				"${PODS_ROOT}/Target Support Files/Pods-Vistalio/Pods-Vistalio-resources-${CONFIGURATION}-input-files.xcfilelist",
			);
			inputPaths = (
			);
			name = "[CP] Copy Pods Resources";
			outputFileListPaths = (
				"${PODS_ROOT}/Target Support Files/Pods-Vistalio/Pods-Vistalio-resources-${CONFIGURATION}-output-files.xcfilelist",
			);
			outputPaths = (
			);
			runOnlyForDeploymentPostprocessing = 0;
			shellPath = /bin/sh;
			shellScript = "\"${PODS_ROOT}/Target Support Files/Pods-Vistalio/Pods-Vistalio-resources.sh\"\n";
			showEnvVarsInLog = 0;
		};
/* End PBXShellScriptBuildPhase section */

/* Begin PBXSourcesBuildPhase section */
		C3E34DB42F6D4B2A003ACBA4 /* Sources */ = {
			isa = PBXSourcesBuildPhase;
			buildActionMask = 2147483647;
			files = (
				C3D542582F91F5FC0093D819 /* TooltipView.swift in Sources */,
				C3AE55CD2FD1F412007A5E41 /* DropDownView.swift in Sources */,
				C3CF26F22F7936E20008718D /* UIViewController+Utils.swift in Sources */,
				C3CABD752FFAE71B0067CA73 /* EmotionsModeCell.swift in Sources */,
				C34665BF2F783741008648C8 /* CustomTabItem.swift in Sources */,
				C33F22BF2F84C37B00EF2A81 /* UIApplication+Utils.swift in Sources */,
				C3AE55E22FD5E43F007A5E41 /* Date+Utils.swift in Sources */,
				C3D34AE02FA1D9F0007E5CAF /* ImageScrollView.swift in Sources */,
				C3CF26EE2F7929120008718D /* CoverCell.swift in Sources */,
				C3CABD682FF5B94F0067CA73 /* AddNoteView.swift in Sources */,
				C35911D52F9F6C780015FDE6 /* UIStackView+Utils.swift in Sources */,
				C33F22962F8011F000EF2A81 /* CoreDataStack.swift in Sources */,
				C3AE55C92FD1E8BF007A5E41 /* DropDownItemView.swift in Sources */,
				C3CABD712FF84DED0067CA73 /* SelectEmotionViewController.swift in Sources */,
				C33F22B52F83872100EF2A81 /* SegmentedControlTab.swift in Sources */,
				C33F22A62F80251F00EF2A81 /* SelectActionViewController.swift in Sources */,
				C33F22CA2F84C8B400EF2A81 /* MenuView.swift in Sources */,
				C34665C02F783741008648C8 /* GrowingTextView.swift in Sources */,
				C33F22A32F80147300EF2A81 /* String+Utils.swift in Sources */,
				C34665C12F783741008648C8 /* RoundedControls.swift in Sources */,
				C37BB7413005227F006BE7EA /* NoteBigPhotoCell.swift in Sources */,
				C36B3D042F97A85100976790 /* MissionTemplate.swift in Sources */,
				C347A5842F98F4320068D5B3 /* HiddenMissionTemplate.swift in Sources */,
				C33F22BB2F838D5800EF2A81 /* MissionViewController.swift in Sources */,
				C3F47ECC2FA0F7D400F17AC8 /* GalleryView.swift in Sources */,
				C3B7D71C2F95390200562DC2 /* Cover.swift in Sources */,
				C3CABD642FF28F7C0067CA73 /* MoveStepViewController.swift in Sources */,
				C34665C22F783741008648C8 /* StyledControls.swift in Sources */,
				C3D542562F9125370093D819 /* NotificationNames.swift in Sources */,
				C3AE55D62FD490D0007A5E41 /* CalendarView.swift in Sources */,
				C34665C32F783741008648C8 /* UITableView+Utils.swift in Sources */,
				C37BB73D3003F47A006BE7EA /* EmotionsPanelViewController.swift in Sources */,
				C3AE55C52FD09D12007A5E41 /* CreateStepViewController.swift in Sources */,
				C33F22C42F84C75300EF2A81 /* MenuItemView.swift in Sources */,
				C3CABD6A2FF7D8920067CA73 /* SelectDateViewController.swift in Sources */,
				C3CABD732FF9708C0067CA73 /* MissionEmotion.swift in Sources */,
				C3F47EC82F9FCAB300F17AC8 /* MissionNote.swift in Sources */,
				C37BB74C300777A8006BE7EA /* NoteSmallPhotoCell.swift in Sources */,
				C3BEABC42F9BB0F200359CB6 /* mission_9.json in Sources */,
				C3BEABC62F9BB10600359CB6 /* mission_10.json in Sources */,
				C3D5425E2F928C4F0093D819 /* NotificationView.swift in Sources */,
				C37309D12FAE04A7004F7ED8 /* RecommendedStepCell.swift in Sources */,
				C3BEABCE2F9BB23800359CB6 /* mission_14.json in Sources */,
				C37BB73830035EB1006BE7EA /* EmotionSettingsViewController.swift in Sources */,
				C33F22B92F838A1200EF2A81 /* SegmentedControl.swift in Sources */,
				C3B7D71A2F94A55400562DC2 /* CropImageViewController.swift in Sources */,
				C37BB750300778D0006BE7EA /* NotePhotoCell.swift in Sources */,
				C33F22AA2F8238C600EF2A81 /* MissionsHolder.swift in Sources */,
				C34665C42F783741008648C8 /* UITextField+Utils.swift in Sources */,
				C3F47ECA2FA0BBB600F17AC8 /* AppsFlyerHelper.swift in Sources */,
				C33F22AE2F82A43E00EF2A81 /* UIImageView+Utils.swift in Sources */,
				C36B3D062F97D71D00976790 /* TemplateCell.swift in Sources */,
				C34665C52F783741008648C8 /* UIView+Utils.swift in Sources */,
				C37BB744300559E1006BE7EA /* VideoHelper.swift in Sources */,
				C37BB74A3006B854006BE7EA /* NoteView.swift in Sources */,
				C36B3D092F9884F100976790 /* EmotionCell.swift in Sources */,
				C33F22942F80104100EF2A81 /* Vistalio.xcdatamodeld in Sources */,
				C3BEABD62F9BB88B00359CB6 /* TemplateStepCell.swift in Sources */,
				C33F22AC2F8299DB00EF2A81 /* MyMissionCell.swift in Sources */,
				C3BEABDD2F9E7E3800359CB6 /* TemplateNoteCell.swift in Sources */,
				C3AE55DC2FD49664007A5E41 /* CalendarViewCell.swift in Sources */,
				C33F22A12F80145B00EF2A81 /* FilesHelper.swift in Sources */,
				C3AE55D32FD2BA62007A5E41 /* DropDownControl.swift in Sources */,
				C3AE55E02FD49BDE007A5E41 /* DayView.swift in Sources */,
				C3D34ADE2FA0FB5F007E5CAF /* GalleryCell.swift in Sources */,
				C37BB73630015C1E006BE7EA /* EmotionCircleView.swift in Sources */,
				C34665C62F783741008648C8 /* CreateMissionViewController.swift in Sources */,
				C332CFCB2F8FB4A6002ABF15 /* MyMissionsViewController.swift in Sources */,
				C37309D52FB0D2DA004F7ED8 /* AddedStepCell.swift in Sources */,
				C36B3D022F9692EA00976790 /* missions_list.json in Sources */,
				C37309D32FAF7B7E004F7ED8 /* HiddenStepsViewController.swift in Sources */,
				C34665C72F783741008648C8 /* MissionsViewController.swift in Sources */,
				C34665C82F783741008648C8 /* MainViewController.swift in Sources */,
				C33F229E2F80134A00EF2A81 /* Mission.swift in Sources */,
				C3F47EC52F9FCA1A00F17AC8 /* MissionStep.swift in Sources */,
				C34665C92F783741008648C8 /* StyledNavigationController.swift in Sources */,
				C33F22BD2F83F48C00EF2A81 /* UILabel+Utils.swift in Sources */,
				C3AE55E62FD879A5007A5E41 /* UIScrollView+Utils.swift in Sources */,
				C3CF26F02F7929C00008718D /* CoverViewController.swift in Sources */,
				C3BEABB22F9A39C300359CB6 /* TemplateViewController.swift in Sources */,
				C33F22A82F82376B00EF2A81 /* UIImage+Utils.swift in Sources */,
				C37BB7463005612F006BE7EA /* Helpers.swift in Sources */,
				C34665CA2F783741008648C8 /* AppDelegate.swift in Sources */,
				C34665CB2F783741008648C8 /* SceneDelegate.swift in Sources */,
				C3AE55E42FD81441007A5E41 /* StepViewController.swift in Sources */,
				C3BEABB02F9A38ED00359CB6 /* TemplateHeaderCell.swift in Sources */,
				C33F22B72F83893E00EF2A81 /* UIColor+Utils.swift in Sources */,
				C3CABD6F2FF844430067CA73 /* SelectEmotionCell.swift in Sources */,
			);
			runOnlyForDeploymentPostprocessing = 0;
		};
/* End PBXSourcesBuildPhase section */

/* Begin PBXVariantGroup section */
		C34665AA2F783741008648C8 /* LaunchScreen.storyboard */ = {
			isa = PBXVariantGroup;
			children = (
				C34665A92F783741008648C8 /* Base */,
			);
			name = LaunchScreen.storyboard;
			sourceTree = "<group>";
		};
		C34665AC2F783741008648C8 /* Main.storyboard */ = {
			isa = PBXVariantGroup;
			children = (
				C34665AB2F783741008648C8 /* Base */,
			);
			name = Main.storyboard;
			sourceTree = "<group>";
		};
/* End PBXVariantGroup section */

/* Begin XCBuildConfiguration section */
		C3E34DCC2F6D4B2B003ACBA4 /* Debug */ = {
			isa = XCBuildConfiguration;
			baseConfigurationReference = 13F426B1D31B72DB7E095C10 /* Pods-Vistalio.debug.xcconfig */;
			buildSettings = {
				ASSETCATALOG_COMPILER_APPICON_NAME = AppIcon;
				ASSETCATALOG_COMPILER_GLOBAL_ACCENT_COLOR_NAME = AccentColor;
				CODE_SIGN_ENTITLEMENTS = Vistalio/Vistalio.entitlements;
				CODE_SIGN_STYLE = Automatic;
				CURRENT_PROJECT_VERSION = 1;
				DEVELOPMENT_TEAM = K3TB65CDP6;
				GENERATE_INFOPLIST_FILE = YES;
				INFOPLIST_FILE = Vistalio/Info.plist;
				INFOPLIST_KEY_NSCameraUsageDescription = "Доступ к камере нужен, чтобы снимать фото и видео прямо из приложения.";
				INFOPLIST_KEY_NSPhotoLibraryAddUsageDescription = "Доступ к галерее нужен, чтобы добавлять фото и видео.";
				INFOPLIST_KEY_UIApplicationSupportsIndirectInputEvents = YES;
				INFOPLIST_KEY_UILaunchStoryboardName = LaunchScreen;
				INFOPLIST_KEY_UIMainStoryboardFile = Main;
				INFOPLIST_KEY_UISupportedInterfaceOrientations = UIInterfaceOrientationPortrait;
				INFOPLIST_KEY_UIUserInterfaceStyle = Light;
				IPHONEOS_DEPLOYMENT_TARGET = 15.0;
				LD_RUNPATH_SEARCH_PATHS = (
					"$(inherited)",
					"@executable_path/Frameworks",
				);
				MARKETING_VERSION = 1.0;
				PRODUCT_BUNDLE_IDENTIFIER = com.ab.vistalio;
				PRODUCT_NAME = "$(TARGET_NAME)";
				SWIFT_EMIT_LOC_STRINGS = YES;
				SWIFT_VERSION = 5.0;
				TARGETED_DEVICE_FAMILY = "1,2";
			};
			name = Debug;
		};
		C3E34DCD2F6D4B2B003ACBA4 /* Release */ = {
			isa = XCBuildConfiguration;
			baseConfigurationReference = 4ACEA687D8838AB39DBDACD0 /* Pods-Vistalio.release.xcconfig */;
			buildSettings = {
				ASSETCATALOG_COMPILER_APPICON_NAME = AppIcon;
				ASSETCATALOG_COMPILER_GLOBAL_ACCENT_COLOR_NAME = AccentColor;
				CODE_SIGN_ENTITLEMENTS = Vistalio/Vistalio.entitlements;
				CODE_SIGN_STYLE = Automatic;
				CURRENT_PROJECT_VERSION = 1;
				DEVELOPMENT_TEAM = K3TB65CDP6;
				GENERATE_INFOPLIST_FILE = YES;
				INFOPLIST_FILE = Vistalio/Info.plist;
				INFOPLIST_KEY_NSCameraUsageDescription = "Доступ к камере нужен, чтобы снимать фото и видео прямо из приложения.";
				INFOPLIST_KEY_NSPhotoLibraryAddUsageDescription = "Доступ к галерее нужен, чтобы добавлять фото и видео.";
				INFOPLIST_KEY_UIApplicationSupportsIndirectInputEvents = YES;
				INFOPLIST_KEY_UILaunchStoryboardName = LaunchScreen;
				INFOPLIST_KEY_UIMainStoryboardFile = Main;
				INFOPLIST_KEY_UISupportedInterfaceOrientations = UIInterfaceOrientationPortrait;
				INFOPLIST_KEY_UIUserInterfaceStyle = Light;
				IPHONEOS_DEPLOYMENT_TARGET = 15.0;
				LD_RUNPATH_SEARCH_PATHS = (
					"$(inherited)",
					"@executable_path/Frameworks",
				);
				MARKETING_VERSION = 1.0;
				PRODUCT_BUNDLE_IDENTIFIER = com.ab.vistalio;
				PRODUCT_NAME = "$(TARGET_NAME)";
				SWIFT_EMIT_LOC_STRINGS = YES;
				SWIFT_VERSION = 5.0;
				TARGETED_DEVICE_FAMILY = "1,2";
			};
			name = Release;
		};
		C3E34DCE2F6D4B2B003ACBA4 /* Debug */ = {
			isa = XCBuildConfiguration;
			buildSettings = {
				ALWAYS_SEARCH_USER_PATHS = NO;
				ASSETCATALOG_COMPILER_GENERATE_SWIFT_ASSET_SYMBOL_EXTENSIONS = YES;
				CLANG_ANALYZER_NONNULL = YES;
				CLANG_ANALYZER_NUMBER_OBJECT_CONVERSION = YES_AGGRESSIVE;
				CLANG_CXX_LANGUAGE_STANDARD = "gnu++20";
				CLANG_ENABLE_MODULES = YES;
				CLANG_ENABLE_OBJC_ARC = YES;
				CLANG_ENABLE_OBJC_WEAK = YES;
				CLANG_WARN_BLOCK_CAPTURE_AUTORELEASING = YES;
				CLANG_WARN_BOOL_CONVERSION = YES;
				CLANG_WARN_COMMA = YES;
				CLANG_WARN_CONSTANT_CONVERSION = YES;
				CLANG_WARN_DEPRECATED_OBJC_IMPLEMENTATIONS = YES;
				CLANG_WARN_DIRECT_OBJC_ISA_USAGE = YES_ERROR;
				CLANG_WARN_DOCUMENTATION_COMMENTS = YES;
				CLANG_WARN_EMPTY_BODY = YES;
				CLANG_WARN_ENUM_CONVERSION = YES;
				CLANG_WARN_INFINITE_RECURSION = YES;
				CLANG_WARN_INT_CONVERSION = YES;
				CLANG_WARN_NON_LITERAL_NULL_CONVERSION = YES;
				CLANG_WARN_OBJC_IMPLICIT_RETAIN_SELF = YES;
				CLANG_WARN_OBJC_LITERAL_CONVERSION = YES;
				CLANG_WARN_OBJC_ROOT_CLASS = YES_ERROR;
				CLANG_WARN_QUOTED_INCLUDE_IN_FRAMEWORK_HEADER = YES;
				CLANG_WARN_RANGE_LOOP_ANALYSIS = YES;
				CLANG_WARN_STRICT_PROTOTYPES = YES;
				CLANG_WARN_SUSPICIOUS_MOVE = YES;
				CLANG_WARN_UNGUARDED_AVAILABILITY = YES_AGGRESSIVE;
				CLANG_WARN_UNREACHABLE_CODE = YES;
				CLANG_WARN__DUPLICATE_METHOD_MATCH = YES;
				COPY_PHASE_STRIP = NO;
				DEBUG_INFORMATION_FORMAT = dwarf;
				ENABLE_STRICT_OBJC_MSGSEND = YES;
				ENABLE_TESTABILITY = YES;
				ENABLE_USER_SCRIPT_SANDBOXING = YES;
				GCC_C_LANGUAGE_STANDARD = gnu17;
				GCC_DYNAMIC_NO_PIC = NO;
				GCC_NO_COMMON_BLOCKS = YES;
				GCC_OPTIMIZATION_LEVEL = 0;
				GCC_PREPROCESSOR_DEFINITIONS = (
					"DEBUG=1",
					"$(inherited)",
				);
				GCC_WARN_64_TO_32_BIT_CONVERSION = YES;
				GCC_WARN_ABOUT_RETURN_TYPE = YES_ERROR;
				GCC_WARN_UNDECLARED_SELECTOR = YES;
				GCC_WARN_UNINITIALIZED_AUTOS = YES_AGGRESSIVE;
				GCC_WARN_UNUSED_FUNCTION = YES;
				GCC_WARN_UNUSED_VARIABLE = YES;
				IPHONEOS_DEPLOYMENT_TARGET = 18.1;
				LOCALIZATION_PREFERS_STRING_CATALOGS = YES;
				MTL_ENABLE_DEBUG_INFO = INCLUDE_SOURCE;
				MTL_FAST_MATH = YES;
				ONLY_ACTIVE_ARCH = YES;
				SDKROOT = iphoneos;
				SWIFT_ACTIVE_COMPILATION_CONDITIONS = "DEBUG $(inherited)";
				SWIFT_OPTIMIZATION_LEVEL = "-Onone";
			};
			name = Debug;
		};
		C3E34DCF2F6D4B2B003ACBA4 /* Release */ = {
			isa = XCBuildConfiguration;
			buildSettings = {
				ALWAYS_SEARCH_USER_PATHS = NO;
				ASSETCATALOG_COMPILER_GENERATE_SWIFT_ASSET_SYMBOL_EXTENSIONS = YES;
				CLANG_ANALYZER_NONNULL = YES;
				CLANG_ANALYZER_NUMBER_OBJECT_CONVERSION = YES_AGGRESSIVE;
				CLANG_CXX_LANGUAGE_STANDARD = "gnu++20";
				CLANG_ENABLE_MODULES = YES;
				CLANG_ENABLE_OBJC_ARC = YES;
				CLANG_ENABLE_OBJC_WEAK = YES;
				CLANG_WARN_BLOCK_CAPTURE_AUTORELEASING = YES;
				CLANG_WARN_BOOL_CONVERSION = YES;
				CLANG_WARN_COMMA = YES;
				CLANG_WARN_CONSTANT_CONVERSION = YES;
				CLANG_WARN_DEPRECATED_OBJC_IMPLEMENTATIONS = YES;
				CLANG_WARN_DIRECT_OBJC_ISA_USAGE = YES_ERROR;
				CLANG_WARN_DOCUMENTATION_COMMENTS = YES;
				CLANG_WARN_EMPTY_BODY = YES;
				CLANG_WARN_ENUM_CONVERSION = YES;
				CLANG_WARN_INFINITE_RECURSION = YES;
				CLANG_WARN_INT_CONVERSION = YES;
				CLANG_WARN_NON_LITERAL_NULL_CONVERSION = YES;
				CLANG_WARN_OBJC_IMPLICIT_RETAIN_SELF = YES;
				CLANG_WARN_OBJC_LITERAL_CONVERSION = YES;
				CLANG_WARN_OBJC_ROOT_CLASS = YES_ERROR;
				CLANG_WARN_QUOTED_INCLUDE_IN_FRAMEWORK_HEADER = YES;
				CLANG_WARN_RANGE_LOOP_ANALYSIS = YES;
				CLANG_WARN_STRICT_PROTOTYPES = YES;
				CLANG_WARN_SUSPICIOUS_MOVE = YES;
				CLANG_WARN_UNGUARDED_AVAILABILITY = YES_AGGRESSIVE;
				CLANG_WARN_UNREACHABLE_CODE = YES;
				CLANG_WARN__DUPLICATE_METHOD_MATCH = YES;
				COPY_PHASE_STRIP = NO;
				DEBUG_INFORMATION_FORMAT = "dwarf-with-dsym";
				ENABLE_NS_ASSERTIONS = NO;
				ENABLE_STRICT_OBJC_MSGSEND = YES;
				ENABLE_USER_SCRIPT_SANDBOXING = YES;
				GCC_C_LANGUAGE_STANDARD = gnu17;
				GCC_NO_COMMON_BLOCKS = YES;
				GCC_WARN_64_TO_32_BIT_CONVERSION = YES;
				GCC_WARN_ABOUT_RETURN_TYPE = YES_ERROR;
				GCC_WARN_UNDECLARED_SELECTOR = YES;
				GCC_WARN_UNINITIALIZED_AUTOS = YES_AGGRESSIVE;
				GCC_WARN_UNUSED_FUNCTION = YES;
				GCC_WARN_UNUSED_VARIABLE = YES;
				IPHONEOS_DEPLOYMENT_TARGET = 18.1;
				LOCALIZATION_PREFERS_STRING_CATALOGS = YES;
				MTL_ENABLE_DEBUG_INFO = NO;
				MTL_FAST_MATH = YES;
				SDKROOT = iphoneos;
				SWIFT_COMPILATION_MODE = wholemodule;
				VALIDATE_PRODUCT = YES;
			};
			name = Release;
		};
/* End XCBuildConfiguration section */

/* Begin XCConfigurationList section */
		C3E34DB32F6D4B29003ACBA4 /* Build configuration list for PBXProject "Vistalio" */ = {
			isa = XCConfigurationList;
			buildConfigurations = (
				C3E34DCE2F6D4B2B003ACBA4 /* Debug */,
				C3E34DCF2F6D4B2B003ACBA4 /* Release */,
			);
			defaultConfigurationIsVisible = 0;
			defaultConfigurationName = Release;
		};
		C3E34DCB2F6D4B2B003ACBA4 /* Build configuration list for PBXNativeTarget "Vistalio" */ = {
			isa = XCConfigurationList;
			buildConfigurations = (
				C3E34DCC2F6D4B2B003ACBA4 /* Debug */,
				C3E34DCD2F6D4B2B003ACBA4 /* Release */,
			);
			defaultConfigurationIsVisible = 0;
			defaultConfigurationName = Release;
		};
/* End XCConfigurationList section */

/* Begin XCVersionGroup section */
		C33F22922F80104100EF2A81 /* Vistalio.xcdatamodeld */ = {
			isa = XCVersionGroup;
			children = (
				C33F22932F80104100EF2A81 /* Vistalio.xcdatamodel */,
			);
			currentVersion = C33F22932F80104100EF2A81 /* Vistalio.xcdatamodel */;
			path = Vistalio.xcdatamodeld;
			sourceTree = "<group>";
			versionGroupType = wrapper.xcdatamodel;
		};
/* End XCVersionGroup section */
	};
	rootObject = C3E34DB02F6D4B29003ACBA4 /* Project object */;
}
